{
  "version": 2,
  "dependencies": {
    "net10.0": {
      "BCrypt.Net-Next": {
        "type": "Direct",
        "requested": "[4.2.1, )",
        "resolved": "4.2.1",
        "contentHash": "cJ1Zaad8sBSQJq3QBSPmFuLq0XDi9ys0Dk5S11gakZ2qdFWC1aaRLZ7sqOLQjGJYhgIK3LW3TixJswM6+CVbyw=="
      },
      "LiteNetLib": {
        "type": "Direct",
        "requested": "[2.1.4, )",
        "resolved": "2.1.4",
        "contentHash": "KWlxvMw3Urpqj9joD96LRiK+LC62pQNs/zkXRJc+rHnxgkGp+vV703xzDrxRmv+V1YhCFfIGzs5nrVWtREIlyA=="
      },
      "Microsoft.Extensions.Hosting": {
        "type": "Direct",
        "requested": "[10.0.11, )",
        "resolved": "10.0.11",
        "contentHash": "eIDa/Rl+93aj17gMlFsJJx+LhBvb3CP0Mu1PeVYkDp2Y3S4Jock8UynfGQEcx7lrlq+gKW+ECQJHbro/LTPDEQ==",
        "dependencies": {
          "Microsoft.Extensions.Configuration": "10.0.11",
          "Microsoft.Extensions.Configuration.Abstractions": "10.0.11",
          "Microsoft.Extensions.Configuration.Binder": "10.0.11",
          "Microsoft.Extensions.Configuration.CommandLine": "10.0.11",
          "Microsoft.Extensions.Configuration.EnvironmentVariables": "10.0.11",
          "Microsoft.Extensions.Configuration.FileExtensions": "10.0.11",
          "Microsoft.Extensions.Configuration.Json": "10.0.11",
          "Microsoft.Extensions.Configuration.UserSecrets": "10.0.11",
          "Microsoft.Extensions.DependencyInjection": "10.0.11",
          "Microsoft.Extensions.DependencyInjection.Abstractions": "10.0.11",
          "Microsoft.Extensions.Diagnostics": "10.0.11",
          "Microsoft.Extensions.FileProviders.Abstractions": "10.0.11",
          "Microsoft.Extensions.FileProviders.Physical": "10.0.11",
          "Microsoft.Extensions.Hosting.Abstractions": "10.0.11",
          "Microsoft.Extensions.Logging": "10.0.11",
          "Microsoft.Extensions.Logging.Abstractions": "10.0.11",
          "Microsoft.Extensions.Logging.Configuration": "10.0.11",
          "Microsoft.Extensions.Logging.Console": "10.0.11",
          "Microsoft.Extensions.Logging.Debug": "10.0.11",
          "Microsoft.Extensions.Logging.EventLog": "10.0.11",
          "Microsoft.Extensions.Logging.EventSource": "10.0.11",
          "Microsoft.Extensions.Options": "10.0.11"
        }
      },
      "ZLogger": {
        "type": "Direct",
        "requested": "[2.5.10, )",
        "resolved": "2.5.10",
        "contentHash": "KjQaJ1M3b7cuouXwxhX1CEyCqQ1mOlFslGe5lSELmDYIo5kemzi2Y23jeESqtXrNw+iLLN2+89qpm9Il/cG0bg==",
        "dependencies": {
          "Microsoft.Extensions.Logging": "8.0.0",
          "System.IO.Hashing": "8.0.0",
          "Utf8StringInterpolation": "1.3.1"
        }
      },
      "linq2db.Analyzers": {
        "type": "Transitive",
        "resolved": "6.4.0",
        "contentHash": "sW51KlWzXRrkv7cTyqZdnhpoBWU2+ItxNBjRtaQ1v/8ZdeFu6AIUvpo6UjQ5lvo0vcZnMBh/Eq/FpZ2FqDm7KQ=="
      },
      "MemoryPack.Core": {
        "type": "Transitive",
        "resolved": "1.21.4",
        "contentHash": "6RszGorZ0ejNmp37ZcboPBMvvPCuNW2jlrdQfcs/lMzE5b3pmPF6hsm/laDc34hRlbAST1ZxaX/DvYu2DF5sBQ=="
      },
      "MemoryPack.Generator": {
        "type": "Transitive",
        "resolved": "1.21.4",
        "contentHash": "g14EsSS85yn0lHTi0J9ivqlZMf09A2iI51fmI+0KkzIzyCbWOBWPi5mdaY7YWmXprk12aYh9u/qfWHQUYthlwg=="
      },
      "Microsoft.Data.Sqlite.Core": {
        "type": "Transitive",
        "resolved": "10.0.11",
        "contentHash": "hubA20AGenQ4Sx0ElWaPpB8DISjXpdx463+1zOGRslsT0e/t/06ITv+pHsop8CcJ0d8PZLfgnT7juCDVD79Dkw==",
        "dependencies": {
          "SQLitePCLRaw.core": "2.1.12"
        }
      },
      "Microsoft.Extensions.Configuration": {
        "type": "Transitive",
        "resolved": "10.0.11",
        "contentHash": "wlhRqZW8LcJPa+vk2oLAc/REXDItHtkFQdf/QcXYGZbZOO13izcsKY1pCvuFQYwUiZD+hwSZwsKASjqT+BNaVg==",
        "dependencies": {
          "Microsoft.Extensions.Configuration.Abstractions": "10.0.11",
          "Microsoft.Extensions.Primitives": "10.0.11"
        }
      },
      "Microsoft.Extensions.Configuration.Abstractions": {
        "type": "Transitive",
        "resolved": "10.0.11",
        "contentHash": "fVi053xdpda9Em7vSkmgVxO/PtgC2m78ekReKWsgcyskqY0U82Bz/MONwxpGzI0hElYKJfw+fupqMVeKW3fSaA==",
        "dependencies": {
          "Microsoft.Extensions.Primitives": "10.0.11"
        }
      },
      "Microsoft.Extensions.Configuration.Binder": {
        "type": "Transitive",
        "resolved": "10.0.11",
        "contentHash": "rFn8RuszZn3qquPVkDytMUlPc2+rXl9MCoygwc1XmAgC5vg5/oXJ8hkOosOrLoBLsqdTy4lFwP6iQdPS9uSYOA==",
        "dependencies": {
          "Microsoft.Extensions.Configuration": "10.0.11",
          "Microsoft.Extensions.Configuration.Abstractions": "10.0.11"
        }
      },
      "Microsoft.Extensions.Configuration.CommandLine": {
        "type": "Transitive",
        "resolved": "10.0.11",
        "contentHash": "1KHr/1L56llwQ/yI0tAisEA31UpPsn8aasjASIwELOaN4JIUcbjuQBMdFOIzfNBBeULoUa0XfBe5QDtRRUY+fg==",
        "dependencies": {
          "Microsoft.Extensions.Configuration": "10.0.11",
          "Microsoft.Extensions.Configuration.Abstractions": "10.0.11"
        }
      },
      "Microsoft.Extensions.Configuration.EnvironmentVariables": {
        "type": "Transitive",
        "resolved": "10.0.11",
        "contentHash": "KICyU3eVi5jvloKm01EXV69L97H/zkhISVtV98cIuzuFOxNx3xTUVcXqvWTz3aq7OvUuDB/MFlPFjmxRaKF7/A==",
        "dependencies": {
          "Microsoft.Extensions.Configuration": "10.0.11",
          "Microsoft.Extensions.Configuration.Abstractions": "10.0.11"
        }
      },
      "Microsoft.Extensions.Configuration.FileExtensions": {
        "type": "Transitive",
        "resolved": "10.0.11",
        "contentHash": "mDW7KVFB05M6jiRUyaZiOMWhS31n5HlSZwoYctHAZAucD4sMDJ70IxOmkGDt6RpstchD+keWBjhdzcMpSkWvWQ==",
        "dependencies": {
          "Microsoft.Extensions.Configuration": "10.0.11",
          "Microsoft.Extensions.Configuration.Abstractions": "10.0.11",
          "Microsoft.Extensions.FileProviders.Abstractions": "10.0.11",
          "Microsoft.Extensions.FileProviders.Physical": "10.0.11",
          "Microsoft.Extensions.Primitives": "10.0.11"
        }
      },
      "Microsoft.Extensions.Configuration.Json": {
        "type": "Transitive",
        "resolved": "10.0.11",
        "contentHash": "nSPrT8U/cNoB4coqkmnanAMK9PsL7lsjG+LLUKEwHRFwS6E78b8S1wdv/y88EOxBhasWov1rLd7RTHmmsYPOLg==",
        "dependencies": {
          "Microsoft.Extensions.Configuration": "10.0.11",
          "Microsoft.Extensions.Configuration.Abstractions": "10.0.11",
          "Microsoft.Extensions.Configuration.FileExtensions": "10.0.11",
          "Microsoft.Extensions.FileProviders.Abstractions": "10.0.11"
        }
      },
      "Microsoft.Extensions.Configuration.UserSecrets": {
        "type": "Transitive",
        "resolved": "10.0.11",
        "contentHash": "BRliLdUowglV8GS+J1G/QsSofCJYYFg3U8QZx0ACRn+a91az/Qnpy+h6PyHS94WgV2TSazX5D/cuuk6wnCJatw==",
        "dependencies": {
          "Microsoft.Extensions.Configuration.Abstractions": "10.0.11",
          "Microsoft.Extensions.Configuration.Json": "10.0.11",
          "Microsoft.Extensions.FileProviders.Abstractions": "10.0.11",
          "Microsoft.Extensions.FileProviders.Physical": "10.0.11"
        }
      },
      "Microsoft.Extensions.DependencyInjection": {
        "type": "Transitive",
        "resolved": "10.0.11",
        "contentHash": "PSmotV19c7E3lKed++uYo1kSiXFI+uTl37CBSrhq+CfLC3FCHjG7R91+xPnNehQfHS1b0Tzo/CCLPWH3qaEheg==",
        "dependencies": {
          "Microsoft.Extensions.DependencyInjection.Abstractions": "10.0.11"
        }
      },
      "Microsoft.Extensions.DependencyInjection.Abstractions": {
        "type": "Transitive",
        "resolved": "10.0.11",
        "contentHash": "/a1aJz4m7ylhEDf25ugQChLQoN5XwoGjWw/BoR/ZWWKsO1v4DdJElS1uyngahz4B/eOzjFk1KNTkarRLE5wsIg=="
      },
      "Microsoft.Extensions.Diagnostics": {
        "type": "Transitive",
        "resolved": "10.0.11",
        "contentHash": "HT70uGPxMLqqnOzKMcnQtDmeV4r0KHr4qVCLhP7SXil9jMEm8sQXwcybxVVFGXZJ1V44xV0mLqQ54aZbcR2OiQ==",
        "dependencies": {
          "Microsoft.Extensions.Configuration": "10.0.11",
          "Microsoft.Extensions.Diagnostics.Abstractions": "10.0.11",
          "Microsoft.Extensions.Options.ConfigurationExtensions": "10.0.11"
        }
      },
      "Microsoft.Extensions.Diagnostics.Abstractions": {
        "type": "Transitive",
        "resolved": "10.0.11",
        "contentHash": "se7Kx8QpJEt+nf26L4qIVAofGTDr1wbexxsh/Fm3Xc04xUkqUXK06KUS7FLwSQYSjqb7q9n+T7MEcXYBhI1Y5g==",
        "dependencies": {
          "Microsoft.Extensions.DependencyInjection.Abstractions": "10.0.11",
          "Microsoft.Extensions.Options": "10.0.11"
        }
      },
      "Microsoft.Extensions.FileProviders.Abstractions": {
        "type": "Transitive",
        "resolved": "10.0.11",
        "contentHash": "JOjac6SQQgZmdmB8WGEw61/7siqMZoWJMkmq2p1goJGxqI59lO6oB4bOl0jNsbaPBdYy5Mlkb+6U7T4+CjnD8Q==",
        "dependencies": {
          "Microsoft.Extensions.Primitives": "10.0.11"
        }
      },
      "Microsoft.Extensions.FileProviders.Physical": {
        "type": "Transitive",
        "resolved": "10.0.11",
        "contentHash": "Tq/UqMaczePv9yWwSsJZRgKtgA46djVR5xHj/lZBCueQ3ag8f9v5mu0EdhrNx7tXxNk+Y9OurG2oKuSKINjr0A==",
        "dependencies": {
          "Microsoft.Extensions.FileProviders.Abstractions": "10.0.11",
          "Microsoft.Extensions.FileSystemGlobbing": "10.0.11",
          "Microsoft.Extensions.Primitives": "10.0.11"
        }
      },
      "Microsoft.Extensions.FileSystemGlobbing": {
        "type": "Transitive",
        "resolved": "10.0.11",
        "contentHash": "2i6rtW/B5rCnWCnhdmWWEmaM9O0HD0zsPY9eRqa++y4tclI3Uw8zvGbBvhY/LjAdtf8gUHhUPcAWj3DRlWMXmQ=="
      },
      "Microsoft.Extensions.Hosting.Abstractions": {
        "type": "Transitive",
        "resolved": "10.0.11",
        "contentHash": "pwtpF7iF/NNaOBcX+pvMZ7y2+JAVbH5KkNrH9uMZtuVxVJsFTDiWiCR7Tk3HVptsAijaetipUZVRVK2LLq+nvA==",
        "dependencies": {
          "Microsoft.Extensions.Configuration.Abstractions": "10.0.11",
          "Microsoft.Extensions.DependencyInjection.Abstractions": "10.0.11",
          "Microsoft.Extensions.Diagnostics.Abstractions": "10.0.11",
          "Microsoft.Extensions.FileProviders.Abstractions": "10.0.11",
          "Microsoft.Extensions.Logging.Abstractions": "10.0.11"
        }
      },
      "Microsoft.Extensions.Logging": {
        "type": "Transitive",
        "resolved": "10.0.11",
        "contentHash": "nUOJwgFkSiLHiVGFpU22pIJtuWYewuSYQ3JVuP/gdK8ASMT807Px+TYQiRWs6uSsOmoyFTaVCwKXTasczV6BpA==",
        "dependencies": {
          "Microsoft.Extensions.DependencyInjection": "10.0.11",
          "Microsoft.Extensions.Logging.Abstractions": "10.0.11",
          "Microsoft.Extensions.Options": "10.0.11"
        }
      },
      "Microsoft.Extensions.Logging.Abstractions": {
        "type": "Transitive",
        "resolved": "10.0.11",
        "contentHash": "Ljd0Uxoq5XpScD2Bg0nM/r3mwx7Ao5Uq24eo2ARxbGvqJ7Zht6rt2cJtwVRH4Cv+1ZVMdXz6TB43KbpmsxRrvQ==",
        "dependencies": {
          "Microsoft.Extensions.DependencyInjection.Abstractions": "10.0.11"
        }
      },
      "Microsoft.Extensions.Logging.Configuration": {
        "type": "Transitive",
        "resolved": "10.0.11",
        "contentHash": "S7LvLeVHKNPaY2NMyxW7c2TBGsLgxoSUBCV5Ev5iN8kgC7EPR2UB7eW7vHsElGMcIUDwRmoxLfvGDynCn3q6EA==",
        "dependencies": {
          "Microsoft.Extensions.Configuration": "10.0.11",
          "Microsoft.Extensions.Configuration.Abstractions": "10.0.11",
          "Microsoft.Extensions.Configuration.Binder": "10.0.11",
          "Microsoft.Extensions.DependencyInjection.Abstractions": "10.0.11",
          "Microsoft.Extensions.Logging": "10.0.11",
          "Microsoft.Extensions.Logging.Abstractions": "10.0.11",
          "Microsoft.Extensions.Options": "10.0.11",
          "Microsoft.Extensions.Options.ConfigurationExtensions": "10.0.11"
        }
      },
      "Microsoft.Extensions.Logging.Console": {
        "type": "Transitive",
        "resolved": "10.0.11",
        "contentHash": "dFc0yDudyD1iIg6z9XT7ofsT3hVO7Y4ylrxGHIVRR0GaZ4CUk4ujOrMoy7wWEdNHZhvJooySg6hZpOxyS8zEVA==",
        "dependencies": {
          "Microsoft.Extensions.DependencyInjection.Abstractions": "10.0.11",
          "Microsoft.Extensions.Logging": "10.0.11",
          "Microsoft.Extensions.Logging.Abstractions": "10.0.11",
          "Microsoft.Extensions.Logging.Configuration": "10.0.11",
          "Microsoft.Extensions.Options": "10.0.11"
        }
      },
      "Microsoft.Extensions.Logging.Debug": {
        "type": "Transitive",
        "resolved": "10.0.11",
        "contentHash": "wr+j1bjdFXhc8lKTLoq+RbwFM8M+orcMS9xrcqLmDGOxJcXpKizEeE5h6v/GKwCZV02FmhaA7OlNjoq072jZpQ==",
        "dependencies": {
          "Microsoft.Extensions.DependencyInjection.Abstractions": "10.0.11",
          "Microsoft.Extensions.Logging": "10.0.11",
          "Microsoft.Extensions.Logging.Abstractions": "10.0.11"
        }
      },
      "Microsoft.Extensions.Logging.EventLog": {
        "type": "Transitive",
        "resolved": "10.0.11",
        "contentHash": "Eck9GpCCpvZ3f6L7IUlN+mPtRVefnf7PsiIG5vi61QawPtLNCEAv2TPD/M3SojcU0PFaef+BxiVGPOShFHtDog==",
        "dependencies": {
          "Microsoft.Extensions.DependencyInjection.Abstractions": "10.0.11",
          "Microsoft.Extensions.Logging": "10.0.11",
          "Microsoft.Extensions.Logging.Abstractions": "10.0.11",
          "Microsoft.Extensions.Options": "10.0.11",
          "System.Diagnostics.EventLog": "10.0.11"
        }
      },
      "Microsoft.Extensions.Logging.EventSource": {
        "type": "Transitive",
        "resolved": "10.0.11",
        "contentHash": "hs6QWECLLohi2VKqUvSGRUvrg7eXR1DqKL95Jrtz3cdD2g2nBA+yJPdRQLZ7SLmnTZWycxfMDK2s0ho+rfst5w==",
        "dependencies": {
          "Microsoft.Extensions.DependencyInjection.Abstractions": "10.0.11",
          "Microsoft.Extensions.Logging": "10.0.11",
          "Microsoft.Extensions.Logging.Abstractions": "10.0.11",
          "Microsoft.Extensions.Options": "10.0.11",
          "Microsoft.Extensions.Primitives": "10.0.11"
        }
      },
      "Microsoft.Extensions.Options": {
        "type": "Transitive",
        "resolved": "10.0.11",
        "contentHash": "eY1GAKcTfD2maP27J84X9IovT3yjHJ2dVDzPmDg6/XqYvt3jMzJhtfQCLjG9pVsZGAd+8DQ2QrjaDcs2+VQLGw==",
        "dependencies": {
          "Microsoft.Extensions.DependencyInjection.Abstractions": "10.0.11",
          "Microsoft.Extensions.Primitives": "10.0.11"
        }
      },
      "Microsoft.Extensions.Options.ConfigurationExtensions": {
        "type": "Transitive",
        "resolved": "10.0.11",
        "contentHash": "syEhXQ/sEaSBFaqzlp9gDGHX/nk6gkQkh1sIUpBO1mlBj3Phu1rmb4ML1uCiyPW9N6Kxfxv3y5FGObC+bV01Qw==",
        "dependencies": {
          "Microsoft.Extensions.Configuration.Abstractions": "10.0.11",
          "Microsoft.Extensions.Configuration.Binder": "10.0.11",
          "Microsoft.Extensions.DependencyInjection.Abstractions": "10.0.11",
          "Microsoft.Extensions.Options": "10.0.11",
          "Microsoft.Extensions.Primitives": "10.0.11"
        }
      },
      "Microsoft.Extensions.Primitives": {
        "type": "Transitive",
        "resolved": "10.0.11",
        "contentHash": "SXcz+kF+4Oo9b1+55zntpJFYfwb1jw66ioxptyNOOTDc8g2FHnBFWjZpsWfCvZIhzr0x+4e2trVTs4OKwQfBtw=="
      },
      "SQLite": {
        "type": "Transitive",
        "resolved": "3.53.4",
        "contentHash": "KN7jeWqgUPeBRe1FlcpZURzxomuKKEKHmBBQfg+Nx7NkY1LjKhzHvH+3ASkNvhayESE34nMBinL9CV21JfPRJw=="
      },
      "SQLitePCLRaw.config.e_sqlite3": {
        "type": "Transitive",
        "resolved": "3.0.5",
        "contentHash": "aSk8WE5tF2MybESMgtZAEyMVCAWA0nBqOMc48HFoa9UoSdtm3goDXVzNRnefeKIwE6bV9NaNXptn1F9ReMQI0Q==",
        "dependencies": {
          "SQLitePCLRaw.provider.e_sqlite3": "3.0.5"
        }
      },
      "SQLitePCLRaw.core": {
        "type": "Transitive",
        "resolved": "3.0.5",
        "contentHash": "k81AYXXRCw3Zj8rOhyBoCsx/U97KYDFI2CSKr/ijl5BwpsW/hX/4kBiDmerFaoust8nxBwa0IHQFw8MmSHRtnQ=="
      },
      "SQLitePCLRaw.provider.e_sqlite3": {
        "type": "Transitive",
        "resolved": "3.0.5",
        "contentHash": "um8YSWduhhuskTG2bHfZrBqMNQOydfU8pcseT+cu5RivOGyoUbCrGXxgoRNTmRYw2VbMWnEZVVFcneZT/5dsBg==",
        "dependencies": {
          "SQLitePCLRaw.core": "3.0.5"
        }
      },
      "System.Diagnostics.EventLog": {
        "type": "Transitive",
        "resolved": "10.0.11",
        "contentHash": "QTXEoQBzz00SFWbo7nAg1Ogd4f99lwqcO9uAJ7MYSLEUR28f6As32QktrqG2Fr9cfAfd1GjLyGYspE7Ipj7P6w=="
      },
      "System.IO.Hashing": {
        "type": "Transitive",
        "resolved": "8.0.0",
        "contentHash": "ne1843evDugl0md7Fjzy6QjJrzsjh46ZKbhf8GwBXb5f/gw97J4bxMs0NQKifDuThh/f0bZ0e62NPl1jzTuRqA=="
      },
      "Utf8StringInterpolation": {
        "type": "Transitive",
        "resolved": "1.3.1",
        "contentHash": "VIo1LtpoFvp5LlCDkTiQsKrjX+GMA7N37OEJoqHMhCOdIeNoi8uFocnwi8h3TklSySB3U4Y1+gThB00fJTnfGA=="
      },
      "crybits.definitions": {
        "type": "Project",
        "dependencies": {
          "MemoryPack": "[1.21.4, )"
        }
      },
      "crybits.persistence": {
        "type": "Project",
        "dependencies": {
          "CryBits.Definitions": "[1.0.0, )",
          "Microsoft.Data.Sqlite": "[10.0.11, )",
          "SQLitePCLRaw.bundle_e_sqlite3": "[3.0.5, )",
          "linq2db": "[6.4.0, )"
        }
      },
      "crybits.protocol": {
        "type": "Project",
        "dependencies": {
          "CryBits.Definitions": "[1.0.0, )",
          "MemoryPack": "[1.21.4, )"
        }
      },
      "crybits.simulation": {
        "type": "Project",
        "dependencies": {
          "CryBits.Definitions": "[1.0.0, )",
          "CryBits.Protocol": "[1.0.0, )",
          "MemoryPack": "[1.21.4, )"
        }
      },
      "crybits.transport": {
        "type": "Project",
        "dependencies": {
          "LiteNetLib": "[2.1.4, )"
        }
      },
      "linq2db": {
        "type": "CentralTransitive",
        "requested": "[6.4.0, )",
        "resolved": "6.4.0",
        "contentHash": "HT7s5JztYQqM+Oz5ql9MVDTtTliKg/fkXPiShmjgtSZNAe1UOb4wQeJFA2qWJ77KbnC/KWtk5nr/hJ3Oypbqpg==",
        "dependencies": {
          "linq2db.Analyzers": "6.4.0"
        }
      },
      "MemoryPack": {
        "type": "CentralTransitive",
        "requested": "[1.21.4, )",
        "resolved": "1.21.4",
        "contentHash": "wy3JTBNBsO8LfQcBvvYsWr3lm2Oakolrfu0UQ3oSJSEiD+7ye0GUhYTaXuYYBowqsXBXWD9gf2218ae0JRiYVQ==",
        "dependencies": {
          "MemoryPack.Core": "1.21.4",
          "MemoryPack.Generator": "1.21.4"
        }
      },
      "Microsoft.Data.Sqlite": {
        "type": "CentralTransitive",
        "requested": "[10.0.11, )",
        "resolved": "10.0.11",
        "contentHash": "7je7UELzm131GiLYc4PpZvfKXIgIyzPM+v+tjcd/nbnuWRfgcONYKzDTqJlURxwVCFsVnlpmq6y6yn4qvR8QXQ==",
        "dependencies": {
          "Microsoft.Data.Sqlite.Core": "10.0.11",
          "SQLitePCLRaw.bundle_e_sqlite3": "2.1.12",
          "SQLitePCLRaw.core": "2.1.12"
        }
      },
      "SQLitePCLRaw.bundle_e_sqlite3": {
        "type": "CentralTransitive",
        "requested": "[3.0.5, )",
        "resolved": "3.0.5",
        "contentHash": "SW8iASIyWMrLzqabUHYQRvALhvD4ylSBsj4PgEVGwc36kQjc9xT5kSV/XQ9rU7nIpBWD+LPyX3Hlw5FzyUzGeQ==",
        "dependencies": {
          "SQLite": "3.53.4",
          "SQLitePCLRaw.config.e_sqlite3": "3.0.5"
        }
      }
    }
  }
}