{
  "version": 1,
  "dependencies": {
    "net10.0": {
      "Avalonia": {
        "type": "Direct",
        "requested": "[12.0.3, )",
        "resolved": "12.0.3",
        "contentHash": "OVAzdZB5T/QIOEpw/WmQ0ZJM13BMmLO7RqR5z+lZtBMuStK63W68SV/Q+PNn/GdFEC3Ab8eQhH2FMb8FhNLK+w==",
        "dependencies": {
          "Avalonia.BuildServices": "11.3.2",
          "Avalonia.Remote.Protocol": "12.0.3",
          "MicroCom.Runtime": "0.11.4"
        }
      },
      "Avalonia.Desktop": {
        "type": "Direct",
        "requested": "[12.0.3, )",
        "resolved": "12.0.3",
        "contentHash": "1WT6o5+HFQivTSBqqeyKWUQC2SbesgtlI6+ZT8JN+Rg9YarwWOw3DuPdHIYb2jkLzU+wjSkmBXRi7Nox7hfBOw==",
        "dependencies": {
          "Avalonia": "12.0.3",
          "Avalonia.HarfBuzz": "12.0.3",
          "Avalonia.Native": "12.0.3",
          "Avalonia.Skia": "12.0.3",
          "Avalonia.Win32": "12.0.3",
          "Avalonia.X11": "12.0.3"
        }
      },
      "Avalonia.Fonts.Inter": {
        "type": "Direct",
        "requested": "[11.3.12, )",
        "resolved": "11.3.12",
        "contentHash": "Q28QGYnGbvrlTwg6md5U0sR8PuP7H77cysnJDR6a/hnCBH71/GPKxi4GGOKh2qFyo15XmvAwNZ+3QetfnOKSXw==",
        "dependencies": {
          "Avalonia": "11.3.12"
        }
      },
      "LiteNetLib": {
        "type": "Direct",
        "requested": "[2.1.3, )",
        "resolved": "2.1.3",
        "contentHash": "QWZ2/ODTsEHfRltgU1LVYvXzMYC5LhsE+UKz2Sd1f59CWYKo0a6oJ+8FGG+y664UbjzltoI5z2byfpI6LTvd2Q=="
      },
      "MessageBox.Avalonia": {
        "type": "Direct",
        "requested": "[3.3.1.1, )",
        "resolved": "3.3.1.1",
        "contentHash": "a0NocLvE0ipg0REevrMtilNI+ud+tFTJW7YrPtploeM93ew8S3Y6hEybqZ7W9q5Yqa9u+xOrOjAlG1lTihWhnQ==",
        "dependencies": {
          "Avalonia": "11.1.5",
          "DialogHost.Avalonia": "0.8.1"
        }
      },
      "Semi.Avalonia": {
        "type": "Direct",
        "requested": "[11.3.7.3, )",
        "resolved": "11.3.7.3",
        "contentHash": "mbxPDsXYI9GRoBdQBRbzdgntSNzcAZV5ybXS4wyUFbM9bokpSHuicg6USKLTVUgK6ItziGl12PmiLT0XTeFuNQ==",
        "dependencies": {
          "Avalonia": "11.3.7"
        }
      },
      "Semi.Avalonia.ColorPicker": {
        "type": "Direct",
        "requested": "[11.3.7.3, )",
        "resolved": "11.3.7.3",
        "contentHash": "UguPgz5PliwAz5CGXUHLy1WxiiLWpBiPtC+EBfxmVNRDnmZ9p2JoKy26pf+SipdzGIzSqZVVOXcc8On/tMT3Dg==",
        "dependencies": {
          "Avalonia.Controls.ColorPicker": "11.3.7"
        }
      },
      "Semi.Avalonia.DataGrid": {
        "type": "Direct",
        "requested": "[11.3.7.3, )",
        "resolved": "11.3.7.3",
        "contentHash": "Qtk89wzYJOT684Uxux+365amwvju9GRhqlINW3m07PVNXOSKJa8VL9o2Rv90UVBEnzDMorhehyuITW4x/9RGjA==",
        "dependencies": {
          "Avalonia.Controls.DataGrid": "11.3.7"
        }
      },
      "SFML.Audio": {
        "type": "Direct",
        "requested": "[3.0.0, )",
        "resolved": "3.0.0",
        "contentHash": "Dy+aRvajHurJXqAXHS2obXbxTE0dYy8dW5HS1qwjP2MgipZFjwT9cEWRfPUix/RbgE1euxg04J8gsV99iUhc+g==",
        "dependencies": {
          "CSFML": "[3.0.0, 3.1.0)",
          "SFML.System": "3.0.0"
        }
      },
      "SFML.Graphics": {
        "type": "Direct",
        "requested": "[3.0.0, )",
        "resolved": "3.0.0",
        "contentHash": "2dcdwHCrgVwkVa52V2T2ZaiORMXgznwdMCsNXBMn/oPnxFa7AWWuxNVftv6kvjER56SIw0f1asYs1npTyEFXxg==",
        "dependencies": {
          "CSFML": "[3.0.0, 3.1.0)",
          "SFML.System": "3.0.0",
          "SFML.Window": "3.0.0"
        }
      },
      "System.Runtime.Serialization.Formatters": {
        "type": "Direct",
        "requested": "[10.0.4, )",
        "resolved": "10.0.4",
        "contentHash": "1xnAnT+gn0dnf9gxpQSjz5ngt2yYUqIg3DstwQTUUFRovnmOgGNIINkVEohN+0PC9mbGKpcEjegY+0KmTIW1IQ=="
      },
      "Avalonia.Angle.Windows.Natives": {
        "type": "Transitive",
        "resolved": "2.1.25547.20250602",
        "contentHash": "ZL0VLc4s9rvNNFt19Pxm5UNAkmKNylugAwJPX9ulXZ6JWs/l6XZihPWWTyezaoNOVyEPU8YbURtW7XMAtqXH5A=="
      },
      "Avalonia.BuildServices": {
        "type": "Transitive",
        "resolved": "11.3.2",
        "contentHash": "qHDToxto1e3hci5YqbG9n0Ty8mlp3zBUN5wT66wKqaDVzXyQ0do3EnRILd4Ke9jpvsktaPpgE0YjEk7hornryQ=="
      },
      "Avalonia.Controls.ColorPicker": {
        "type": "Transitive",
        "resolved": "11.3.7",
        "contentHash": "qXAw5uUCkG+9NV2YzOEm/kF7u1hUHAJ7kOWWID2mbK2UU5D81sBzyLzEJeHK+yEY9qk37kL6YaHxc5k5qLWQDg==",
        "dependencies": {
          "Avalonia": "11.3.7",
          "Avalonia.Remote.Protocol": "11.3.7"
        }
      },
      "Avalonia.Controls.DataGrid": {
        "type": "Transitive",
        "resolved": "11.3.7",
        "contentHash": "KznEru2MkKkQJYvHU358/nwA2dWqbIhLpKv5XE7yI13pvxHZsNm2N53KMkjUBrvd6NgfJvA6UNJBtyNpjMiwyg==",
        "dependencies": {
          "Avalonia": "11.3.7"
        }
      },
      "Avalonia.FreeDesktop": {
        "type": "Transitive",
        "resolved": "12.0.3",
        "contentHash": "t6qSD9slmHDlkBScuOecf5LZHGEhl57d8DQ0raXWXgm3mXkSZc2DTfkGBJajovrQdeuaISlu6sDHzYAs8Zv/iQ==",
        "dependencies": {
          "Avalonia": "12.0.3",
          "Tmds.DBus.Protocol": "0.92.0"
        }
      },
      "Avalonia.FreeDesktop.AtSpi": {
        "type": "Transitive",
        "resolved": "12.0.3",
        "contentHash": "+i58/6jM/YrjfPA3vXfHbEeLNPC2BY1lXGZ4HtZU4IHZ1XkP6xGBGEqwABuruAlSpLoyrE9LVMZ0Uqg3pYOtiQ==",
        "dependencies": {
          "Avalonia": "12.0.3"
        }
      },
      "Avalonia.HarfBuzz": {
        "type": "Transitive",
        "resolved": "12.0.3",
        "contentHash": "6R8pHRC9iDrAgT7AD/A3mE6hAPYXf66Ql5kWV046msSWF9ntYwuhNmJwlWeFwUVhb7nXThyTOIfUd3WV0GFXXA==",
        "dependencies": {
          "Avalonia": "12.0.3",
          "HarfBuzzSharp": "8.3.1.3",
          "HarfBuzzSharp.NativeAssets.Linux": "8.3.1.3",
          "HarfBuzzSharp.NativeAssets.WebAssembly": "8.3.1.3"
        }
      },
      "Avalonia.Native": {
        "type": "Transitive",
        "resolved": "12.0.3",
        "contentHash": "o+36bdY62STT9SjoEIlp/lSHVrQH8uC15gMUA4JMszz4Q4r5rgVMVTsorsIAurdawJ1LaBKIzvbDHyyiRjXROg==",
        "dependencies": {
          "Avalonia": "12.0.3"
        }
      },
      "Avalonia.Remote.Protocol": {
        "type": "Transitive",
        "resolved": "12.0.3",
        "contentHash": "NHvbiGC461oB3DXt8qgLNN+QfcYARcSxY7diyic9R7u6jQA4bc+ZbjEQKX8y8WyF1vOssedRmuOeTvRXlXbF9Q=="
      },
      "Avalonia.Skia": {
        "type": "Transitive",
        "resolved": "12.0.3",
        "contentHash": "Q0PYiN/B5dZumh89RcDOgbsceh7aUvTGVCKjiq+kcBmVZcvcygHpSRsDJKKUfFHBQLJLtQp7ErLRQUkN4LuIRA==",
        "dependencies": {
          "Avalonia": "12.0.3",
          "HarfBuzzSharp": "8.3.1.3",
          "HarfBuzzSharp.NativeAssets.Linux": "8.3.1.3",
          "HarfBuzzSharp.NativeAssets.WebAssembly": "8.3.1.3",
          "SkiaSharp": "3.119.4-preview.1.1",
          "SkiaSharp.NativeAssets.Linux": "3.119.4-preview.1.1",
          "SkiaSharp.NativeAssets.WebAssembly": "3.119.4-preview.1.1"
        }
      },
      "Avalonia.Win32": {
        "type": "Transitive",
        "resolved": "12.0.3",
        "contentHash": "shPBe7puXXjEWr9gq4DKZZBpfv2tGxdghK1nsRnVC7J3tx3Hm2/+Ik7vYoIYSdUv7MkAZZ4ham9Inqn8CcODBw==",
        "dependencies": {
          "Avalonia": "12.0.3",
          "Avalonia.Angle.Windows.Natives": "2.1.25547.20250602"
        }
      },
      "Avalonia.X11": {
        "type": "Transitive",
        "resolved": "12.0.3",
        "contentHash": "rQ0gbEcKcWXN2Pc0PS5gtLUEsi/yW1JvEbxGWi9D6ip/hdmczLtEG1n3Irtn7MJFjLJq5N6cLM2Prh4Euxwg9Q==",
        "dependencies": {
          "Avalonia": "12.0.3",
          "Avalonia.FreeDesktop": "12.0.3",
          "Avalonia.FreeDesktop.AtSpi": "12.0.3",
          "Avalonia.Skia": "12.0.3"
        }
      },
      "CSFML": {
        "type": "Transitive",
        "resolved": "3.0.0",
        "contentHash": "iwzebpEjtHMmrBWrIZf7lo20PlzGCe4ifh5y/x0RwNE3pcUh4rdLkcnKwuxE+k6gHFbUehQ2/4GuiUB3i6v3Ww=="
      },
      "DialogHost.Avalonia": {
        "type": "Transitive",
        "resolved": "0.8.1",
        "contentHash": "RLBOMqjJPgSmwe0i1pzX3Q7Pn0i4xE/E1b774krd4VyEkaorz1AYMdYQHyIfuhtQv5NntZyS0MuQbxJl/PhzBg==",
        "dependencies": {
          "Avalonia": "11.1.0"
        }
      },
      "HarfBuzzSharp": {
        "type": "Transitive",
        "resolved": "8.3.1.3",
        "contentHash": "NGZ2+ZVNPM+NdHB/asW0/ykWngyHWwcqjrbN2nDeH1B/aptPGlCUl8wkQ2cSJxw5fdWgdmIPmNuTPWpLwNVXWg==",
        "dependencies": {
          "HarfBuzzSharp.NativeAssets.Win32": "8.3.1.3",
          "HarfBuzzSharp.NativeAssets.macOS": "8.3.1.3"
        }
      },
      "HarfBuzzSharp.NativeAssets.Linux": {
        "type": "Transitive",
        "resolved": "8.3.1.3",
        "contentHash": "RI6A1LgmooU30+4QIyFt5rmBCzP0VzTR+587IJSGvYIsHHWlahFufihYxtraLfsIhW7I8dn6+xX+DZGygOPKWQ=="
      },
      "HarfBuzzSharp.NativeAssets.macOS": {
        "type": "Transitive",
        "resolved": "8.3.1.3",
        "contentHash": "KPTq0xnslkI6nAo0jh3ptcQPJvZZr7MWYXa2jUe4SnHc9q+JlHElmNXp0sfFoiTgoCX7WOYpYsurypuH9Gehxw=="
      },
      "HarfBuzzSharp.NativeAssets.WebAssembly": {
        "type": "Transitive",
        "resolved": "8.3.1.3",
        "contentHash": "w2QfdNm9Uz/sUa0B5D+OnVQhyq3G/fBq6ibQMdWBlQqqwh0g0/5j3RFvYqZAmRZ5+RzvjVe8o8SFFnWYUSkuxA=="
      },
      "HarfBuzzSharp.NativeAssets.Win32": {
        "type": "Transitive",
        "resolved": "8.3.1.3",
        "contentHash": "bx8CE8Js+XGX8PUxAHCBDEORt5aaBYtMN4Hr9QFs57Xithh6yjUyYqksizH6eRDhJkwsGI+SXWmPmMm8lZC9Pw=="
      },
      "MicroCom.Runtime": {
        "type": "Transitive",
        "resolved": "0.11.4",
        "contentHash": "yZ8+Lgwo+KtRI29TB2mIOEMzV+csMJ+pKZg4YHReAP3vRewWLKKeYfrBDo5FS69rWnEbCfU3sbM+ZEQr+GDLtg=="
      },
      "SFML.System": {
        "type": "Transitive",
        "resolved": "3.0.0",
        "contentHash": "k6s8BB53Xrugmx25rmlZRoezAkSyjpxNPeIrFT5hUoDJ32XSj0bvJdTWomB6Aiph7nNaJrCnA/K0o1x0ZCPUYQ==",
        "dependencies": {
          "CSFML": "[3.0.0, 3.1.0)"
        }
      },
      "SFML.Window": {
        "type": "Transitive",
        "resolved": "3.0.0",
        "contentHash": "Yu+QJVQ4dRbfOgnN+xSl3rqetseNKD711k9gsdYqic9f9QDBK2raIUJTYx+JsH/NXo3rVt1NGkCm5ucSj5OzdQ==",
        "dependencies": {
          "CSFML": "[3.0.0, 3.1.0)",
          "SFML.System": "3.0.0"
        }
      },
      "SkiaSharp": {
        "type": "Transitive",
        "resolved": "3.119.4-preview.1.1",
        "contentHash": "cyRjWksj/SwFWo7uPfpFk0sOPyUcE+FhF6ENFc3Q100sdJWHEA2nU1PcEeT7LsLFKBvDP/67q0A8vEXc4kvXnA==",
        "dependencies": {
          "SkiaSharp.NativeAssets.Win32": "3.119.4-preview.1.1",
          "SkiaSharp.NativeAssets.macOS": "3.119.4-preview.1.1"
        }
      },
      "SkiaSharp.NativeAssets.Linux": {
        "type": "Transitive",
        "resolved": "3.119.4-preview.1.1",
        "contentHash": "rZEnNkds7UWOWCCsi//v3VQ7MWbhqn83J1mCzl9069N1Zza7SXufVvsvpI4qJYUHaRx8ZhAaL0yi3zlKoXaUJw=="
      },
      "SkiaSharp.NativeAssets.macOS": {
        "type": "Transitive",
        "resolved": "3.119.4-preview.1.1",
        "contentHash": "77gyFnZD0uU12ABgI6pe8Iw2GRBYGryMP4EaHFs7fniffthVT5sf4PTug4ytwNzLKkVDiLobEpIvAJAj3UXwEw=="
      },
      "SkiaSharp.NativeAssets.WebAssembly": {
        "type": "Transitive",
        "resolved": "3.119.4-preview.1.1",
        "contentHash": "IyNI0QRJGl5sT0Dz2rGHBYVmenNoXcOCaC21avrLG5LwkX8ou0PluW2Hgz7NxHxiRL9D0kPmtoYWrr3uxd1NgA=="
      },
      "SkiaSharp.NativeAssets.Win32": {
        "type": "Transitive",
        "resolved": "3.119.4-preview.1.1",
        "contentHash": "BYwNLG02IAYMsBPgU9lM37xJgCM3B/2X5z1FQEBR34dmn+Hxvcw8X83PInY2rzix7mlbcv7OF8UHjf7yMbsDaA=="
      },
      "Tmds.DBus.Protocol": {
        "type": "Transitive",
        "resolved": "0.92.0",
        "contentHash": "h7IMakm0PF2jxiagoysoAjrzzLQ0UBdnSXQL5kb17YW0Fvyo12Tg96A99QkzwktWRrd7H+Uw9EzjasNLUfGYlA=="
      },
      "client.framework": {
        "type": "Project",
        "dependencies": {
          "CryBits.Core": "[1.0.0, )",
          "SFML.Audio": "[3.0.0, )",
          "SFML.Graphics": "[3.0.0, )",
          "SFML.Window": "[3.0.0, )",
          "System.Runtime.Serialization.Formatters": "[10.0.4, )"
        }
      },
      "CryBits.Core": {
        "type": "Project",
        "dependencies": {
          "LiteNetLib": "[2.1.3, )",
          "System.Runtime.Serialization.Formatters": "[10.0.4, )"
        }
      }
    }
  }
}