{
  "version": 1,
  "dependencies": {
    "net10.0": {
      "Avalonia": {
        "type": "Direct",
        "requested": "[12.0.0, )",
        "resolved": "12.0.0",
        "contentHash": "/dTINvK2kc8wiV1k6owfJS9gVLwt5vzv3gZEJbl/k7exfIIp+XqSwQQuZq9IFsV8A1Kn+p9btnPDtG4xtPUCaA==",
        "dependencies": {
          "Avalonia.BuildServices": "11.3.2",
          "Avalonia.Remote.Protocol": "12.0.0",
          "MicroCom.Runtime": "0.11.4"
        }
      },
      "Avalonia.Desktop": {
        "type": "Direct",
        "requested": "[12.0.0, )",
        "resolved": "12.0.0",
        "contentHash": "vBV72rXx7BxGyxake4u7PbUefrzaOGshcNaqYoBwGLJG94aqExLTpF8mkMKkuZaGu2wLwBSl9ypXANd0PPV2uw==",
        "dependencies": {
          "Avalonia": "12.0.0",
          "Avalonia.HarfBuzz": "12.0.0",
          "Avalonia.Native": "12.0.0",
          "Avalonia.Skia": "12.0.0",
          "Avalonia.Win32": "12.0.0",
          "Avalonia.X11": "12.0.0"
        }
      },
      "Avalonia.Fonts.Inter": {
        "type": "Direct",
        "requested": "[11.3.12, )",
        "resolved": "11.3.12",
        "contentHash": "Q28QGYnGbvrlTwg6md5U0sR8PuP7H77cysnJDR6a/hnCBH71/GPKxi4GGOKh2qFyo15XmvAwNZ+3QetfnOKSXw==",
        "dependencies": {
          "Avalonia": "11.3.12"
        }
      },
      "LiteNetLib": {
        "type": "Direct",
        "requested": "[2.0.2, )",
        "resolved": "2.0.2",
        "contentHash": "TOxT3aT1rnzICpdiPaFHqLf03aEaj79ouJwu6YLqsPGNuPKEfHC8PmfX4G9wsSvXXE+Hp66ijD9EKs6W/Cc8FA=="
      },
      "MessageBox.Avalonia": {
        "type": "Direct",
        "requested": "[3.3.1.1, )",
        "resolved": "3.3.1.1",
        "contentHash": "a0NocLvE0ipg0REevrMtilNI+ud+tFTJW7YrPtploeM93ew8S3Y6hEybqZ7W9q5Yqa9u+xOrOjAlG1lTihWhnQ==",
        "dependencies": {
          "Avalonia": "11.1.5",
          "DialogHost.Avalonia": "0.8.1"
        }
      },
      "Semi.Avalonia": {
        "type": "Direct",
        "requested": "[11.3.7.3, )",
        "resolved": "11.3.7.3",
        "contentHash": "mbxPDsXYI9GRoBdQBRbzdgntSNzcAZV5ybXS4wyUFbM9bokpSHuicg6USKLTVUgK6ItziGl12PmiLT0XTeFuNQ==",
        "dependencies": {
          "Avalonia": "11.3.7"
        }
      },
      "Semi.Avalonia.ColorPicker": {
        "type": "Direct",
        "requested": "[11.3.7.3, )",
        "resolved": "11.3.7.3",
        "contentHash": "UguPgz5PliwAz5CGXUHLy1WxiiLWpBiPtC+EBfxmVNRDnmZ9p2JoKy26pf+SipdzGIzSqZVVOXcc8On/tMT3Dg==",
        "dependencies": {
          "Avalonia.Controls.ColorPicker": "11.3.7"
        }
      },
      "Semi.Avalonia.DataGrid": {
        "type": "Direct",
        "requested": "[11.3.7.3, )",
        "resolved": "11.3.7.3",
        "contentHash": "Qtk89wzYJOT684Uxux+365amwvju9GRhqlINW3m07PVNXOSKJa8VL9o2Rv90UVBEnzDMorhehyuITW4x/9RGjA==",
        "dependencies": {
          "Avalonia.Controls.DataGrid": "11.3.7"
        }
      },
      "SFML.Audio": {
        "type": "Direct",
        "requested": "[3.0.0, )",
        "resolved": "3.0.0",
        "contentHash": "Dy+aRvajHurJXqAXHS2obXbxTE0dYy8dW5HS1qwjP2MgipZFjwT9cEWRfPUix/RbgE1euxg04J8gsV99iUhc+g==",
        "dependencies": {
          "CSFML": "[3.0.0, 3.1.0)",
          "SFML.System": "3.0.0"
        }
      },
      "SFML.Graphics": {
        "type": "Direct",
        "requested": "[3.0.0, )",
        "resolved": "3.0.0",
        "contentHash": "2dcdwHCrgVwkVa52V2T2ZaiORMXgznwdMCsNXBMn/oPnxFa7AWWuxNVftv6kvjER56SIw0f1asYs1npTyEFXxg==",
        "dependencies": {
          "CSFML": "[3.0.0, 3.1.0)",
          "SFML.System": "3.0.0",
          "SFML.Window": "3.0.0"
        }
      },
      "System.Runtime.Serialization.Formatters": {
        "type": "Direct",
        "requested": "[10.0.4, )",
        "resolved": "10.0.4",
        "contentHash": "1xnAnT+gn0dnf9gxpQSjz5ngt2yYUqIg3DstwQTUUFRovnmOgGNIINkVEohN+0PC9mbGKpcEjegY+0KmTIW1IQ=="
      },
      "Avalonia.Angle.Windows.Natives": {
        "type": "Transitive",
        "resolved": "2.1.25547.20250602",
        "contentHash": "ZL0VLc4s9rvNNFt19Pxm5UNAkmKNylugAwJPX9ulXZ6JWs/l6XZihPWWTyezaoNOVyEPU8YbURtW7XMAtqXH5A=="
      },
      "Avalonia.BuildServices": {
        "type": "Transitive",
        "resolved": "11.3.2",
        "contentHash": "qHDToxto1e3hci5YqbG9n0Ty8mlp3zBUN5wT66wKqaDVzXyQ0do3EnRILd4Ke9jpvsktaPpgE0YjEk7hornryQ=="
      },
      "Avalonia.Controls.ColorPicker": {
        "type": "Transitive",
        "resolved": "11.3.7",
        "contentHash": "qXAw5uUCkG+9NV2YzOEm/kF7u1hUHAJ7kOWWID2mbK2UU5D81sBzyLzEJeHK+yEY9qk37kL6YaHxc5k5qLWQDg==",
        "dependencies": {
          "Avalonia": "11.3.7",
          "Avalonia.Remote.Protocol": "11.3.7"
        }
      },
      "Avalonia.Controls.DataGrid": {
        "type": "Transitive",
        "resolved": "11.3.7",
        "contentHash": "KznEru2MkKkQJYvHU358/nwA2dWqbIhLpKv5XE7yI13pvxHZsNm2N53KMkjUBrvd6NgfJvA6UNJBtyNpjMiwyg==",
        "dependencies": {
          "Avalonia": "11.3.7"
        }
      },
      "Avalonia.FreeDesktop": {
        "type": "Transitive",
        "resolved": "12.0.0",
        "contentHash": "CQcJ/zuWj652Ca73tsdF40wh9+sVZvjhrukBNtuh/pqKf0CkLOik2lJ5xVHuL6vhCoHsTR4boJF+NpCoOXkbow==",
        "dependencies": {
          "Avalonia": "12.0.0",
          "Tmds.DBus.Protocol": "0.90.3"
        }
      },
      "Avalonia.FreeDesktop.AtSpi": {
        "type": "Transitive",
        "resolved": "12.0.0",
        "contentHash": "Zmbaf6bVfj6Fbm6t6UYl/lg3fD57SqWd4o8YzkqQ2TmHu9j+IDr3Thdc5pW67CWIHkVTBAEh4ymKLHG7+NMPzg==",
        "dependencies": {
          "Avalonia": "12.0.0"
        }
      },
      "Avalonia.HarfBuzz": {
        "type": "Transitive",
        "resolved": "12.0.0",
        "contentHash": "2MxRVWRoWm6VYKAjwvUtL2x6CAvwth9jwfofO5SDdsBowDESEqwFLUP6fdZx6aPEvAwehv6u4l4tqnCfQkk4Vw==",
        "dependencies": {
          "Avalonia": "12.0.0",
          "HarfBuzzSharp": "8.3.1.3",
          "HarfBuzzSharp.NativeAssets.Linux": "8.3.1.3",
          "HarfBuzzSharp.NativeAssets.WebAssembly": "8.3.1.3"
        }
      },
      "Avalonia.Native": {
        "type": "Transitive",
        "resolved": "12.0.0",
        "contentHash": "djc+Srt4od3hiupEAjZV9ZY85kfQN/iVXL15aCfRG3WtONlShGhyNDsD0KG0+A5SfD8lFslbBIhdAsgqiS4Ziw==",
        "dependencies": {
          "Avalonia": "12.0.0"
        }
      },
      "Avalonia.Remote.Protocol": {
        "type": "Transitive",
        "resolved": "12.0.0",
        "contentHash": "4uafS+y4s/FPJiOms5ZMFSWUNsx0QdWnkcbdiimch73WnApccgbWb6p082tCAPvSw6SbqoQB5IHgHsHGI7gPSw=="
      },
      "Avalonia.Skia": {
        "type": "Transitive",
        "resolved": "12.0.0",
        "contentHash": "IZM3kE0m8glk3wS1ygASkox08/knVXy05qCbtpFbp3Ochk5/5+89jJoe94ECCmptiVS6XP2h9R13N7t3EuSFlA==",
        "dependencies": {
          "Avalonia": "12.0.0",
          "HarfBuzzSharp": "8.3.1.3",
          "HarfBuzzSharp.NativeAssets.Linux": "8.3.1.3",
          "HarfBuzzSharp.NativeAssets.WebAssembly": "8.3.1.3",
          "SkiaSharp": "3.119.3-preview.1.1",
          "SkiaSharp.NativeAssets.Linux": "3.119.3-preview.1.1",
          "SkiaSharp.NativeAssets.WebAssembly": "3.119.3-preview.1.1"
        }
      },
      "Avalonia.Win32": {
        "type": "Transitive",
        "resolved": "12.0.0",
        "contentHash": "4bVMW5IAlQRLXTA6xxsNpj+rNXZ5sMFCnRKBqMfW9b8L+cv/OluYao7l5LnmYrjDNm3Fdj/gBhaMjHszGx57Mw==",
        "dependencies": {
          "Avalonia": "12.0.0",
          "Avalonia.Angle.Windows.Natives": "2.1.25547.20250602"
        }
      },
      "Avalonia.X11": {
        "type": "Transitive",
        "resolved": "12.0.0",
        "contentHash": "R7E5pA9tRmauFhJoiAjl0RWBL0y2f9shrIqIuduN97Jw1b0AwLxh2/1PGYoY0LSY0Vm57ejQaq5csYKUn2RsMw==",
        "dependencies": {
          "Avalonia": "12.0.0",
          "Avalonia.FreeDesktop": "12.0.0",
          "Avalonia.FreeDesktop.AtSpi": "12.0.0",
          "Avalonia.Skia": "12.0.0"
        }
      },
      "CSFML": {
        "type": "Transitive",
        "resolved": "3.0.0",
        "contentHash": "iwzebpEjtHMmrBWrIZf7lo20PlzGCe4ifh5y/x0RwNE3pcUh4rdLkcnKwuxE+k6gHFbUehQ2/4GuiUB3i6v3Ww=="
      },
      "DialogHost.Avalonia": {
        "type": "Transitive",
        "resolved": "0.8.1",
        "contentHash": "RLBOMqjJPgSmwe0i1pzX3Q7Pn0i4xE/E1b774krd4VyEkaorz1AYMdYQHyIfuhtQv5NntZyS0MuQbxJl/PhzBg==",
        "dependencies": {
          "Avalonia": "11.1.0"
        }
      },
      "HarfBuzzSharp": {
        "type": "Transitive",
        "resolved": "8.3.1.3",
        "contentHash": "NGZ2+ZVNPM+NdHB/asW0/ykWngyHWwcqjrbN2nDeH1B/aptPGlCUl8wkQ2cSJxw5fdWgdmIPmNuTPWpLwNVXWg==",
        "dependencies": {
          "HarfBuzzSharp.NativeAssets.Win32": "8.3.1.3",
          "HarfBuzzSharp.NativeAssets.macOS": "8.3.1.3"
        }
      },
      "HarfBuzzSharp.NativeAssets.Linux": {
        "type": "Transitive",
        "resolved": "8.3.1.3",
        "contentHash": "RI6A1LgmooU30+4QIyFt5rmBCzP0VzTR+587IJSGvYIsHHWlahFufihYxtraLfsIhW7I8dn6+xX+DZGygOPKWQ=="
      },
      "HarfBuzzSharp.NativeAssets.macOS": {
        "type": "Transitive",
        "resolved": "8.3.1.3",
        "contentHash": "KPTq0xnslkI6nAo0jh3ptcQPJvZZr7MWYXa2jUe4SnHc9q+JlHElmNXp0sfFoiTgoCX7WOYpYsurypuH9Gehxw=="
      },
      "HarfBuzzSharp.NativeAssets.WebAssembly": {
        "type": "Transitive",
        "resolved": "8.3.1.3",
        "contentHash": "w2QfdNm9Uz/sUa0B5D+OnVQhyq3G/fBq6ibQMdWBlQqqwh0g0/5j3RFvYqZAmRZ5+RzvjVe8o8SFFnWYUSkuxA=="
      },
      "HarfBuzzSharp.NativeAssets.Win32": {
        "type": "Transitive",
        "resolved": "8.3.1.3",
        "contentHash": "bx8CE8Js+XGX8PUxAHCBDEORt5aaBYtMN4Hr9QFs57Xithh6yjUyYqksizH6eRDhJkwsGI+SXWmPmMm8lZC9Pw=="
      },
      "MicroCom.Runtime": {
        "type": "Transitive",
        "resolved": "0.11.4",
        "contentHash": "yZ8+Lgwo+KtRI29TB2mIOEMzV+csMJ+pKZg4YHReAP3vRewWLKKeYfrBDo5FS69rWnEbCfU3sbM+ZEQr+GDLtg=="
      },
      "SFML.System": {
        "type": "Transitive",
        "resolved": "3.0.0",
        "contentHash": "k6s8BB53Xrugmx25rmlZRoezAkSyjpxNPeIrFT5hUoDJ32XSj0bvJdTWomB6Aiph7nNaJrCnA/K0o1x0ZCPUYQ==",
        "dependencies": {
          "CSFML": "[3.0.0, 3.1.0)"
        }
      },
      "SFML.Window": {
        "type": "Transitive",
        "resolved": "3.0.0",
        "contentHash": "Yu+QJVQ4dRbfOgnN+xSl3rqetseNKD711k9gsdYqic9f9QDBK2raIUJTYx+JsH/NXo3rVt1NGkCm5ucSj5OzdQ==",
        "dependencies": {
          "CSFML": "[3.0.0, 3.1.0)",
          "SFML.System": "3.0.0"
        }
      },
      "SkiaSharp": {
        "type": "Transitive",
        "resolved": "3.119.3-preview.1.1",
        "contentHash": "+3ndwD845G4jfuyhtg5rrjryh2mEOr2QfAPFtncvAsRLzGX0ferSJ0223av6Sbw9zsEL6Wk0sk/DrXtEpJoo5A==",
        "dependencies": {
          "SkiaSharp.NativeAssets.Win32": "3.119.3-preview.1.1",
          "SkiaSharp.NativeAssets.macOS": "3.119.3-preview.1.1"
        }
      },
      "SkiaSharp.NativeAssets.Linux": {
        "type": "Transitive",
        "resolved": "3.119.3-preview.1.1",
        "contentHash": "ZvpglyfQzhVIUmnPGngliPYcg6ROJNs0BV7XwJ+kktdqY0qe8jifP+UUgaMqTlOTjvuvyCbV7AI4qIBUfRe3Vw=="
      },
      "SkiaSharp.NativeAssets.macOS": {
        "type": "Transitive",
        "resolved": "3.119.3-preview.1.1",
        "contentHash": "rv8B3OxG5PGQVxudIPV+ppjqUkt98VRzczNV3qNtearHebWXIcelpHEWzCtMSAYBm1rIsTs+KKAQv8/1exr0kQ=="
      },
      "SkiaSharp.NativeAssets.WebAssembly": {
        "type": "Transitive",
        "resolved": "3.119.3-preview.1.1",
        "contentHash": "Gzvr/fcJZODWNoLVBAIiM8NKudvZ9yL6WHb87fk7iadio9BWQR7GS0fUvWvE3kYaRAAutsjPdGAnkDR0ujlVDw=="
      },
      "SkiaSharp.NativeAssets.Win32": {
        "type": "Transitive",
        "resolved": "3.119.3-preview.1.1",
        "contentHash": "PkMb1pGPBSW3ZL0IVKP9DZs+w065HVs4jGQELsbkmKzKSL5P8KHLkrrmnv2XpFpXtx2njOllB8243N1dBMK+CQ=="
      },
      "Tmds.DBus.Protocol": {
        "type": "Transitive",
        "resolved": "0.90.3",
        "contentHash": "T5BqXZb3Lqg+5yKInnW+hPtv/lzW8S8tZbLKFCbzgFF6iy4w5O3MDNzppgQfudR1nqMSpSDjX7w9OmDljV4GyA=="
      },
      "client.framework": {
        "type": "Project",
        "dependencies": {
          "CryBits.Core": "[1.0.0, )",
          "SFML.Audio": "[3.0.0, )",
          "SFML.Graphics": "[3.0.0, )",
          "SFML.Window": "[3.0.0, )",
          "System.Runtime.Serialization.Formatters": "[10.0.4, )"
        }
      },
      "CryBits.Core": {
        "type": "Project",
        "dependencies": {
          "LiteNetLib": "[2.0.2, )",
          "System.Runtime.Serialization.Formatters": "[10.0.4, )"
        }
      }
    }
  }
}