{
  "version": 2,
  "dependencies": {
    "net10.0": {
      "MemoryPack": {
        "type": "Direct",
        "requested": "[1.21.4, )",
        "resolved": "1.21.4",
        "contentHash": "wy3JTBNBsO8LfQcBvvYsWr3lm2Oakolrfu0UQ3oSJSEiD+7ye0GUhYTaXuYYBowqsXBXWD9gf2218ae0JRiYVQ==",
        "dependencies": {
          "MemoryPack.Core": "1.21.4",
          "MemoryPack.Generator": "1.21.4"
        }
      },
      "SFML.Audio": {
        "type": "Direct",
        "requested": "[3.0.0, )",
        "resolved": "3.0.0",
        "contentHash": "Dy+aRvajHurJXqAXHS2obXbxTE0dYy8dW5HS1qwjP2MgipZFjwT9cEWRfPUix/RbgE1euxg04J8gsV99iUhc+g==",
        "dependencies": {
          "CSFML": "[3.0.0, 3.1.0)",
          "SFML.System": "3.0.0"
        }
      },
      "SFML.Graphics": {
        "type": "Direct",
        "requested": "[3.0.0, )",
        "resolved": "3.0.0",
        "contentHash": "2dcdwHCrgVwkVa52V2T2ZaiORMXgznwdMCsNXBMn/oPnxFa7AWWuxNVftv6kvjER56SIw0f1asYs1npTyEFXxg==",
        "dependencies": {
          "CSFML": "[3.0.0, 3.1.0)",
          "SFML.System": "3.0.0",
          "SFML.Window": "3.0.0"
        }
      },
      "SFML.Window": {
        "type": "Direct",
        "requested": "[3.0.0, )",
        "resolved": "3.0.0",
        "contentHash": "Yu+QJVQ4dRbfOgnN+xSl3rqetseNKD711k9gsdYqic9f9QDBK2raIUJTYx+JsH/NXo3rVt1NGkCm5ucSj5OzdQ==",
        "dependencies": {
          "CSFML": "[3.0.0, 3.1.0)",
          "SFML.System": "3.0.0"
        }
      },
      "CSFML": {
        "type": "Transitive",
        "resolved": "3.0.0",
        "contentHash": "iwzebpEjtHMmrBWrIZf7lo20PlzGCe4ifh5y/x0RwNE3pcUh4rdLkcnKwuxE+k6gHFbUehQ2/4GuiUB3i6v3Ww=="
      },
      "MemoryPack.Core": {
        "type": "Transitive",
        "resolved": "1.21.4",
        "contentHash": "6RszGorZ0ejNmp37ZcboPBMvvPCuNW2jlrdQfcs/lMzE5b3pmPF6hsm/laDc34hRlbAST1ZxaX/DvYu2DF5sBQ=="
      },
      "MemoryPack.Generator": {
        "type": "Transitive",
        "resolved": "1.21.4",
        "contentHash": "g14EsSS85yn0lHTi0J9ivqlZMf09A2iI51fmI+0KkzIzyCbWOBWPi5mdaY7YWmXprk12aYh9u/qfWHQUYthlwg=="
      },
      "Microsoft.Data.Sqlite.Core": {
        "type": "Transitive",
        "resolved": "10.0.9",
        "contentHash": "iZrONyMKPjxfVZnUktqO30QjzNwAGH+AxM61s8lKQnVhgbQ3bn0hiXI129ZmVicEbIcwljyy2OVsIYUR51ZHKQ==",
        "dependencies": {
          "SQLitePCLRaw.core": "2.1.11"
        }
      },
      "SFML.System": {
        "type": "Transitive",
        "resolved": "3.0.0",
        "contentHash": "k6s8BB53Xrugmx25rmlZRoezAkSyjpxNPeIrFT5hUoDJ32XSj0bvJdTWomB6Aiph7nNaJrCnA/K0o1x0ZCPUYQ==",
        "dependencies": {
          "CSFML": "[3.0.0, 3.1.0)"
        }
      },
      "SQLitePCLRaw.bundle_e_sqlite3": {
        "type": "Transitive",
        "resolved": "2.1.11",
        "contentHash": "DC4nA7yWnf4UZdgJDF+9Mus4/cb0Y3Sfgi3gDnAoKNAIBwzkskNAbNbyu+u4atT0ruVlZNJfwZmwiEwE5oz9LQ==",
        "dependencies": {
          "SQLitePCLRaw.lib.e_sqlite3": "2.1.11",
          "SQLitePCLRaw.provider.e_sqlite3": "2.1.11"
        }
      },
      "SQLitePCLRaw.core": {
        "type": "Transitive",
        "resolved": "2.1.11",
        "contentHash": "PK0GLFkfhZzLQeR3PJf71FmhtHox+U3vcY6ZtswoMjrefkB9k6ErNJEnwXqc5KgXDSjige2XXrezqS39gkpQKA=="
      },
      "SQLitePCLRaw.lib.e_sqlite3": {
        "type": "Transitive",
        "resolved": "2.1.11",
        "contentHash": "Ev2ytaXiOlWZ4b3R67GZBsemTINslLD1DCJr2xiacpn4tbapu0Q4dHEzSvZSMnVWeE5nlObU3VZN2p81q3XOYQ=="
      },
      "SQLitePCLRaw.provider.e_sqlite3": {
        "type": "Transitive",
        "resolved": "2.1.11",
        "contentHash": "Y/0ZkR+r0Cg3DQFuCl1RBnv/tmxpIZRU3HUvelPw6MVaKHwYYR8YNvgs0vuNuXCMvlyJ+Fh88U1D4tah1tt6qw==",
        "dependencies": {
          "SQLitePCLRaw.core": "2.1.11"
        }
      },
      "crybits.definitions": {
        "type": "Project",
        "dependencies": {
          "MemoryPack": "[1.21.4, )"
        }
      },
      "crybits.persistence": {
        "type": "Project",
        "dependencies": {
          "CryBits.Definitions": "[1.0.0, )",
          "Microsoft.Data.Sqlite": "[10.0.9, )",
          "linq2db": "[6.3.0, )"
        }
      },
      "crybits.protocol": {
        "type": "Project",
        "dependencies": {
          "CryBits.Definitions": "[1.0.0, )",
          "MemoryPack": "[1.21.4, )"
        }
      },
      "crybits.transport": {
        "type": "Project",
        "dependencies": {
          "CryBits.Definitions": "[1.0.0, )",
          "LiteNetLib": "[2.1.4, )"
        }
      },
      "linq2db": {
        "type": "CentralTransitive",
        "requested": "[6.3.0, )",
        "resolved": "6.3.0",
        "contentHash": "Ew/IWZc9tNBgAYWCME1xN6/QkiVUNp9f3ozHrrugqh4vY3ny7Y8LTqhX8thG0WFPmWer+Kf9lilbFMYu5hXKyw=="
      },
      "LiteNetLib": {
        "type": "CentralTransitive",
        "requested": "[2.1.4, )",
        "resolved": "2.1.4",
        "contentHash": "KWlxvMw3Urpqj9joD96LRiK+LC62pQNs/zkXRJc+rHnxgkGp+vV703xzDrxRmv+V1YhCFfIGzs5nrVWtREIlyA=="
      },
      "Microsoft.Data.Sqlite": {
        "type": "CentralTransitive",
        "requested": "[10.0.9, )",
        "resolved": "10.0.9",
        "contentHash": "/eBwiZPcNisn0qZX+Zk4YCftlK/vnoWqv7hHnmSk8MjPxFdYYkmPObpogT0MfCCWN6oAIZnMCo0SoOtZlbbmgQ==",
        "dependencies": {
          "Microsoft.Data.Sqlite.Core": "10.0.9",
          "SQLitePCLRaw.bundle_e_sqlite3": "2.1.11",
          "SQLitePCLRaw.core": "2.1.11"
        }
      }
    }
  }
}