{
  "version": 2,
  "dependencies": {
    "net10.0": {
      "SFML.Audio": {
        "type": "Direct",
        "requested": "[3.0.0, )",
        "resolved": "3.0.0",
        "contentHash": "Dy+aRvajHurJXqAXHS2obXbxTE0dYy8dW5HS1qwjP2MgipZFjwT9cEWRfPUix/RbgE1euxg04J8gsV99iUhc+g==",
        "dependencies": {
          "CSFML": "[3.0.0, 3.1.0)",
          "SFML.System": "3.0.0"
        }
      },
      "SFML.Graphics": {
        "type": "Direct",
        "requested": "[3.0.0, )",
        "resolved": "3.0.0",
        "contentHash": "2dcdwHCrgVwkVa52V2T2ZaiORMXgznwdMCsNXBMn/oPnxFa7AWWuxNVftv6kvjER56SIw0f1asYs1npTyEFXxg==",
        "dependencies": {
          "CSFML": "[3.0.0, 3.1.0)",
          "SFML.System": "3.0.0",
          "SFML.Window": "3.0.0"
        }
      },
      "SFML.Window": {
        "type": "Direct",
        "requested": "[3.0.0, )",
        "resolved": "3.0.0",
        "contentHash": "Yu+QJVQ4dRbfOgnN+xSl3rqetseNKD711k9gsdYqic9f9QDBK2raIUJTYx+JsH/NXo3rVt1NGkCm5ucSj5OzdQ==",
        "dependencies": {
          "CSFML": "[3.0.0, 3.1.0)",
          "SFML.System": "3.0.0"
        }
      },
      "System.Runtime.Serialization.Formatters": {
        "type": "Direct",
        "requested": "[10.0.9, )",
        "resolved": "10.0.9",
        "contentHash": "PFO/7nkB3nTtYGye6rQ/thoMffpst3t0CIj5vgE4xbVc0hPzOSK/NmxMJniICtWq1BNvQsuQnMLrT72/WyantQ=="
      },
      "CSFML": {
        "type": "Transitive",
        "resolved": "3.0.0",
        "contentHash": "iwzebpEjtHMmrBWrIZf7lo20PlzGCe4ifh5y/x0RwNE3pcUh4rdLkcnKwuxE+k6gHFbUehQ2/4GuiUB3i6v3Ww=="
      },
      "Microsoft.Data.Sqlite.Core": {
        "type": "Transitive",
        "resolved": "9.0.0",
        "contentHash": "cFfZjFL+tqzGYw9lB31EkV1IWF5xRQNk2k+MQd+Cf86Gl6zTeAoiZIFw5sRB1Z8OxpEC7nu+nTDsLSjieBAPTw==",
        "dependencies": {
          "SQLitePCLRaw.core": "2.1.10"
        }
      },
      "SFML.System": {
        "type": "Transitive",
        "resolved": "3.0.0",
        "contentHash": "k6s8BB53Xrugmx25rmlZRoezAkSyjpxNPeIrFT5hUoDJ32XSj0bvJdTWomB6Aiph7nNaJrCnA/K0o1x0ZCPUYQ==",
        "dependencies": {
          "CSFML": "[3.0.0, 3.1.0)"
        }
      },
      "SQLitePCLRaw.bundle_e_sqlite3": {
        "type": "Transitive",
        "resolved": "2.1.10",
        "contentHash": "UxWuisvZ3uVcVOLJQv7urM/JiQH+v3TmaJc1BLKl5Dxfm/nTzTUrqswCqg/INiYLi61AXnHo1M1JPmPqqLnAdg==",
        "dependencies": {
          "SQLitePCLRaw.lib.e_sqlite3": "2.1.10",
          "SQLitePCLRaw.provider.e_sqlite3": "2.1.10"
        }
      },
      "SQLitePCLRaw.core": {
        "type": "Transitive",
        "resolved": "2.1.10",
        "contentHash": "Ii8JCbC7oiVclaE/mbDEK000EFIJ+ShRPwAvvV89GOZhQ+ZLtlnSWl6ksCNMKu/VGXA4Nfi2B7LhN/QFN9oBcw=="
      },
      "SQLitePCLRaw.lib.e_sqlite3": {
        "type": "Transitive",
        "resolved": "2.1.10",
        "contentHash": "mAr69tDbnf3QJpRy2nJz8Qdpebdil00fvycyByR58Cn9eARvR+UiG2Vzsp+4q1tV3ikwiYIjlXCQFc12GfebbA=="
      },
      "SQLitePCLRaw.provider.e_sqlite3": {
        "type": "Transitive",
        "resolved": "2.1.10",
        "contentHash": "uZVTi02C1SxqzgT0HqTWatIbWGb40iIkfc3FpFCpE/r7g6K0PqzDUeefL6P6HPhDtc6BacN3yQysfzP7ks+wSQ==",
        "dependencies": {
          "SQLitePCLRaw.core": "2.1.10"
        }
      },
      "crybits.definitions": {
        "type": "Project",
        "dependencies": {
          "System.Runtime.Serialization.Formatters": "[10.0.9, )"
        }
      },
      "crybits.persistence": {
        "type": "Project",
        "dependencies": {
          "CryBits.Definitions": "[1.0.0, )",
          "Microsoft.Data.Sqlite": "[9.0.0, )",
          "System.Runtime.Serialization.Formatters": "[10.0.9, )",
          "linq2db": "[5.4.1, )"
        }
      },
      "crybits.transport": {
        "type": "Project",
        "dependencies": {
          "CryBits.Definitions": "[1.0.0, )",
          "LiteNetLib": "[2.1.4, )",
          "System.Runtime.Serialization.Formatters": "[10.0.9, )"
        }
      },
      "linq2db": {
        "type": "CentralTransitive",
        "requested": "[5.4.1, )",
        "resolved": "5.4.1",
        "contentHash": "qyH32MbFK6T55KsEcQYTbPFfkOa1Mo65lY/Zo8SFVMy0pwkQBCTnA/RUxyG5+l3D/mgfPz85PH3upDrtklSMrw=="
      },
      "LiteNetLib": {
        "type": "CentralTransitive",
        "requested": "[2.1.4, )",
        "resolved": "2.1.4",
        "contentHash": "KWlxvMw3Urpqj9joD96LRiK+LC62pQNs/zkXRJc+rHnxgkGp+vV703xzDrxRmv+V1YhCFfIGzs5nrVWtREIlyA=="
      },
      "Microsoft.Data.Sqlite": {
        "type": "CentralTransitive",
        "requested": "[9.0.0, )",
        "resolved": "9.0.0",
        "contentHash": "lw6wthgXGx3r/U775k1UkUAWIn0kAT0wj4ZRq0WlhPx4WAOiBsIjgDKgWkXcNTGT0KfHiClkM+tyPVFDvxeObw==",
        "dependencies": {
          "Microsoft.Data.Sqlite.Core": "9.0.0",
          "SQLitePCLRaw.bundle_e_sqlite3": "2.1.10",
          "SQLitePCLRaw.core": "2.1.10"
        }
      }
    }
  }
}