{
  "version": 1,
  "dependencies": {
    "net10.0": {
      "LiteNetLib": {
        "type": "Direct",
        "requested": "[2.0.2, )",
        "resolved": "2.0.2",
        "contentHash": "TOxT3aT1rnzICpdiPaFHqLf03aEaj79ouJwu6YLqsPGNuPKEfHC8PmfX4G9wsSvXXE+Hp66ijD9EKs6W/Cc8FA=="
      },
      "System.Runtime.Serialization.Formatters": {
        "type": "Direct",
        "requested": "[10.0.3, )",
        "resolved": "10.0.3",
        "contentHash": "q38b0Wj67miA+2Rcc6excf72Xh+LuVCxr0nJuhZaO3LwUVATdrm0x7TQuNr5lRNC0TH4UR6jkg/TA4C7Luyujw=="
      }
    }
  }
}