{
  "version": 1,
  "dependencies": {
    "net10.0": {
      "LiteNetLib": {
        "type": "Direct",
        "requested": "[2.1.2, )",
        "resolved": "2.1.2",
        "contentHash": "+bmu7Vj+ik3xGX+qubsFuGSR8Pdri4Og7D9YAer83vHotkSHNLYL5bkZNgpvsK8GrcdNOUabZhqbYtmHu8as7A=="
      },
      "System.Runtime.Serialization.Formatters": {
        "type": "Direct",
        "requested": "[10.0.4, )",
        "resolved": "10.0.4",
        "contentHash": "1xnAnT+gn0dnf9gxpQSjz5ngt2yYUqIg3DstwQTUUFRovnmOgGNIINkVEohN+0PC9mbGKpcEjegY+0KmTIW1IQ=="
      }
    }
  }
}