{
  "version": 1,
  "dependencies": {
    "net10.0": {
      "LiteNetLib": {
        "type": "Direct",
        "requested": "[2.0.2, )",
        "resolved": "2.0.2",
        "contentHash": "TOxT3aT1rnzICpdiPaFHqLf03aEaj79ouJwu6YLqsPGNuPKEfHC8PmfX4G9wsSvXXE+Hp66ijD9EKs6W/Cc8FA=="
      },
      "System.Runtime.Serialization.Formatters": {
        "type": "Direct",
        "requested": "[10.0.5, )",
        "resolved": "10.0.5",
        "contentHash": "1HoVvRL4Od/40m/G/9gZZ28Aj6tGHny8V7qFHynJCrM2KrQgz0988sMUO+JMjCwN6+BVwnSrE9ppj2OO4+YmYQ=="
      }
    }
  }
}