{
  "version": 1,
  "dependencies": {
    "net10.0": {
      "LiteNetLib": {
        "type": "Direct",
        "requested": "[2.0.2, )",
        "resolved": "2.0.2",
        "contentHash": "TOxT3aT1rnzICpdiPaFHqLf03aEaj79ouJwu6YLqsPGNuPKEfHC8PmfX4G9wsSvXXE+Hp66ijD9EKs6W/Cc8FA=="
      },
      "System.Runtime.Serialization.Formatters": {
        "type": "Direct",
        "requested": "[10.0.4, )",
        "resolved": "10.0.4",
        "contentHash": "1xnAnT+gn0dnf9gxpQSjz5ngt2yYUqIg3DstwQTUUFRovnmOgGNIINkVEohN+0PC9mbGKpcEjegY+0KmTIW1IQ=="
      }
    }
  }
}