{
  "version": 2,
  "dependencies": {
    "net10.0": {
      "Avalonia": {
        "type": "Direct",
        "requested": "[12.1.1, )",
        "resolved": "12.1.1",
        "contentHash": "o8pZ1oE9AQ6gklpGM0lnOBp/JlVH0J/0mYszBf0GsSAcEnzHNCLM9NnrPZwKu4j2q9oNbVHYzzEPkszQeuqaKw==",
        "dependencies": {
          "Avalonia.BuildServices": "11.3.2",
          "Avalonia.Remote.Protocol": "12.1.1",
          "MicroCom.Runtime": "0.11.6"
        }
      },
      "Avalonia.Desktop": {
        "type": "Direct",
        "requested": "[12.1.1, )",
        "resolved": "12.1.1",
        "contentHash": "qZIw0njeXs1ziGJBz2WNduPI38zm9UqOksNrl2lALO2JkuzzMElYGQ3+4+Nl7VEnZSvmcbAZnOdvNYfnXGlOSw==",
        "dependencies": {
          "Avalonia": "12.1.1",
          "Avalonia.HarfBuzz": "12.1.1",
          "Avalonia.Native": "12.1.1",
          "Avalonia.Skia": "12.1.1",
          "Avalonia.Win32": "12.1.1",
          "Avalonia.X11": "12.1.1"
        }
      },
      "Avalonia.Fonts.Inter": {
        "type": "Direct",
        "requested": "[12.1.1, )",
        "resolved": "12.1.1",
        "contentHash": "V2d7OM1jybcl31KThdhf8XSl5SjQ6Ll/tXIfwQ00kMeWuPegRcOx8DLVpECHOOEKO9JZelXW0enuUu1D7Svikg==",
        "dependencies": {
          "Avalonia": "12.1.1"
        }
      },
      "bodong.Avalonia.PropertyGrid": {
        "type": "Direct",
        "requested": "[12.0.4.1, )",
        "resolved": "12.0.4.1",
        "contentHash": "tuUUG5h2nkONpV4rEVIDtndC6MpNGzk3FbtZoNAwoh2pctycfcSn6FO1WfRaj9dcRIbv5R2P0q3d67nlY0k9aA==",
        "dependencies": {
          "Avalonia": "12.0.4",
          "Avalonia.Controls.ColorPicker": "12.0.4",
          "bodong.PropertyModels": "12.0.0"
        }
      },
      "CommunityToolkit.Mvvm": {
        "type": "Direct",
        "requested": "[8.4.2, )",
        "resolved": "8.4.2",
        "contentHash": "WadCzGEc2U+3e20avRLng4qNtt4zoOGWrdUISqJWrHe3/FSnrYjuM5Sb4yQb09LhkBXrrI4Zt3dLKgRMbItsrg=="
      },
      "Dock.Avalonia": {
        "type": "Direct",
        "requested": "[12.1.0.4, )",
        "resolved": "12.1.0.4",
        "contentHash": "TinvU+jN4G0jqVYIUNptMXgKH9KOTdXlxRggJQ19TMNYFgjXE2Hcm1j2pu2kb/1BuQd26fEjEb7rGv64QmNQxQ==",
        "dependencies": {
          "Avalonia": "12.1.0",
          "Dock.Controls.DeferredContentControl": "12.1.0.4",
          "Dock.Controls.ProportionalStackPanel": "12.1.0.4",
          "Dock.Controls.Recycling": "12.1.0.4",
          "Dock.MarkupExtension": "12.1.0.4",
          "Dock.Model": "12.1.0.4",
          "Dock.Settings": "12.1.0.4"
        }
      },
      "Dock.Model.Avalonia": {
        "type": "Direct",
        "requested": "[12.1.0.2, )",
        "resolved": "12.1.0.2",
        "contentHash": "+tbIiR6hgiGL56k7aVtTWy5tUaO8oVE1XDKSpWgyYoFJdiMbJZxUCcQ/VMMM5pgNEDGsltNCvoWSMgCkNsBSXg==",
        "dependencies": {
          "Avalonia": "12.1.0",
          "Dock.Avalonia": "12.1.0.2",
          "Dock.Model": "12.1.0.2",
          "Dock.Settings": "12.1.0.2"
        }
      },
      "Iguina": {
        "type": "Direct",
        "requested": "[1.1.5, )",
        "resolved": "1.1.5",
        "contentHash": "nJ/INUaV2Ha0J1vzwyEB/pmE6VVPdK3/1fvzwFE832qS8Kyydl/F3Hb7SLND/DOwFhnJT4/TFC0EoOTc9CHT3Q=="
      },
      "Iguina.Drivers.Sfml": {
        "type": "Direct",
        "requested": "[1.0.0, )",
        "resolved": "1.0.0",
        "contentHash": "1LFITbi1fdnsQeBuBsL1a/v+WJoqEiRXonMv/Ji+P1aoToSH9D8p4zjX/dxEt8AbfKA0oPD7O6OH3j4/Oz+03g==",
        "dependencies": {
          "Iguina": "1.1.4",
          "SFML.Graphics": "3.0.0",
          "SFML.System": "3.0.0",
          "SFML.Window": "3.0.0"
        }
      },
      "LiteNetLib": {
        "type": "Direct",
        "requested": "[2.1.4, )",
        "resolved": "2.1.4",
        "contentHash": "KWlxvMw3Urpqj9joD96LRiK+LC62pQNs/zkXRJc+rHnxgkGp+vV703xzDrxRmv+V1YhCFfIGzs5nrVWtREIlyA=="
      },
      "MessageBox.Avalonia": {
        "type": "Direct",
        "requested": "[12.0.0, )",
        "resolved": "12.0.0",
        "contentHash": "EPCRoeoZrArY4g2AJDw67Oi9h4y2eLNNdGGX1I7lR/eNiQHdnR5f7FedShxUdpgs5jHz69uM1prVpbP3X1rxpg==",
        "dependencies": {
          "Avalonia": "12.0.1",
          "DialogHost.Avalonia": "0.12.1-nightly.0.1"
        }
      },
      "Nox.Avalonia": {
        "type": "Direct",
        "requested": "[1.1.1, )",
        "resolved": "1.1.1",
        "contentHash": "8Ji5Dw0LwzWyK2wUDJO+CE61IxYofwmcb9+srr4D2T2f/iKActSd0m8AJgpVgKXBd3fUhXpSdtIkG833DqckBg==",
        "dependencies": {
          "Avalonia": "12.1.1",
          "Avalonia.Fonts.Inter": "12.1.1",
          "Avalonia.Themes.Simple": "12.1.1"
        }
      },
      "Nox.Avalonia.DataGrid": {
        "type": "Direct",
        "requested": "[1.1.1, )",
        "resolved": "1.1.1",
        "contentHash": "V4UJWfday0xJtFJG0N5xKLqY2iEkaPLKB4PlqBslK4CUt6K0e9BN7ONBYp2XM0+AcXGcxXVFPHX4VjF0idOosg==",
        "dependencies": {
          "Avalonia": "12.1.1",
          "Avalonia.Controls.DataGrid": "12.1.0",
          "Nox.Avalonia": "1.1.1"
        }
      },
      "Nox.Avalonia.Dock": {
        "type": "Direct",
        "requested": "[1.1.1, )",
        "resolved": "1.1.1",
        "contentHash": "LGaA/14bkCCuvTum7VzClXDWV8fg2AharivmJl1a41z+douW8Xk/BUTBgm49RU0wZgpcYs2FKVUscRPkpDVZVQ==",
        "dependencies": {
          "Avalonia": "12.1.1",
          "Dock.Avalonia": "12.1.0",
          "Dock.Avalonia.Themes.Simple": "12.1.0",
          "Dock.Model": "12.1.0",
          "Nox.Avalonia": "1.1.1"
        }
      },
      "Nox.Avalonia.PropertyGrid": {
        "type": "Direct",
        "requested": "[1.1.1, )",
        "resolved": "1.1.1",
        "contentHash": "QH7CbGQjZBlyiv3ZFfHems3oz6y1zALM97yeR3tZls+5/eUg+SKCPMhVmMgM2OTokfQ/3Fi5ooJuQTf+zwAD9Q==",
        "dependencies": {
          "Avalonia": "12.1.1",
          "Nox.Avalonia": "1.1.1",
          "bodong.Avalonia.PropertyGrid": "12.0.4.1",
          "bodong.PropertyModels": "12.0.0"
        }
      },
      "PanAndZoom": {
        "type": "Direct",
        "requested": "[12.0.0.1, )",
        "resolved": "12.0.0.1",
        "contentHash": "M1aIfqmZR8bskdCT0vlC4A8ysBu3F0Qou8uWaqKJnu74cDR3Wp2UEtx2a/YTwp5UZjfDjXruqNNiAQ9+dsxb+g==",
        "dependencies": {
          "Avalonia": "12.0.0"
        }
      },
      "SFML.Audio": {
        "type": "Direct",
        "requested": "[3.0.0, )",
        "resolved": "3.0.0",
        "contentHash": "Dy+aRvajHurJXqAXHS2obXbxTE0dYy8dW5HS1qwjP2MgipZFjwT9cEWRfPUix/RbgE1euxg04J8gsV99iUhc+g==",
        "dependencies": {
          "CSFML": "[3.0.0, 3.1.0)",
          "SFML.System": "3.0.0"
        }
      },
      "SFML.Graphics": {
        "type": "Direct",
        "requested": "[3.0.0, )",
        "resolved": "3.0.0",
        "contentHash": "2dcdwHCrgVwkVa52V2T2ZaiORMXgznwdMCsNXBMn/oPnxFa7AWWuxNVftv6kvjER56SIw0f1asYs1npTyEFXxg==",
        "dependencies": {
          "CSFML": "[3.0.0, 3.1.0)",
          "SFML.System": "3.0.0",
          "SFML.Window": "3.0.0"
        }
      },
      "Avalonia.Angle.Windows.Natives": {
        "type": "Transitive",
        "resolved": "2.1.27548.20260419",
        "contentHash": "l17nI3XVDN3oMnpjf2pnmJg0YTwK4m6NLsn/itAjDMdObTFxN77D5F1M9sRMSfViSY3KKcse1ROczwgoWLJsnA=="
      },
      "Avalonia.BuildServices": {
        "type": "Transitive",
        "resolved": "11.3.2",
        "contentHash": "qHDToxto1e3hci5YqbG9n0Ty8mlp3zBUN5wT66wKqaDVzXyQ0do3EnRILd4Ke9jpvsktaPpgE0YjEk7hornryQ=="
      },
      "Avalonia.Controls.ColorPicker": {
        "type": "Transitive",
        "resolved": "12.0.4",
        "contentHash": "f10wfiK2qPPmuT9kGlo8nf6QXXrGTuD5Q4cImt/QzaPDTlVYD6lpernmlO6Pvr8iPqm5ZAiUvCAskpvwqdwNOw==",
        "dependencies": {
          "Avalonia": "12.0.4",
          "Avalonia.Remote.Protocol": "12.0.4"
        }
      },
      "Avalonia.Controls.DataGrid": {
        "type": "Transitive",
        "resolved": "12.1.0",
        "contentHash": "I4nkzELLRUWAqTLA4nY6lJ4nQFmXdZcGvRF7ze+k1aVE38KMJc5C8lqqs77F2kQQpCHKOwqmRwbO/leFKDQ5GA==",
        "dependencies": {
          "Avalonia": "12.1.0"
        }
      },
      "Avalonia.FreeDesktop": {
        "type": "Transitive",
        "resolved": "12.1.1",
        "contentHash": "dMMW6vJGsaUD+3e5lA3dGYyNu+Tv/yl0sSrUQLlOQ2RVhmNLkybWdgebHx94lznV3RF9cRGUd9Q+J5XpJ7xfJw==",
        "dependencies": {
          "Avalonia": "12.1.1",
          "Tmds.DBus.Protocol": "0.94.1"
        }
      },
      "Avalonia.FreeDesktop.AtSpi": {
        "type": "Transitive",
        "resolved": "12.1.1",
        "contentHash": "BJ2oGBM6pSayLvjhliMPph4LYhPmzDCRjyXQ4jdttrK7cetTViyniW0gMVpNAPNjr4sn6rbN4EHiWknPQq2pLg==",
        "dependencies": {
          "Avalonia": "12.1.1"
        }
      },
      "Avalonia.HarfBuzz": {
        "type": "Transitive",
        "resolved": "12.1.1",
        "contentHash": "vgd/Fl4bIXgv3QtYk6WCd6iGAag4i3OOAozo6/DW3xPr5dWjpi1MmJaeE9MYoZBEDJ4egD0gfHz6nYhkDADz9g==",
        "dependencies": {
          "Avalonia": "12.1.1",
          "HarfBuzzSharp": "8.3.1.3",
          "HarfBuzzSharp.NativeAssets.Linux": "8.3.1.3",
          "HarfBuzzSharp.NativeAssets.WebAssembly": "8.3.1.3"
        }
      },
      "Avalonia.Native": {
        "type": "Transitive",
        "resolved": "12.1.1",
        "contentHash": "jbgCUIhgQGD7d9mLN1oe4J8EpzDa0aY9PS77PZuRUDcNyr/V+vFNdyYXSJs3imrm0NOzTsCcFtK2NSXGDmJ1dw==",
        "dependencies": {
          "Avalonia": "12.1.1"
        }
      },
      "Avalonia.Remote.Protocol": {
        "type": "Transitive",
        "resolved": "12.1.1",
        "contentHash": "0u77tnOwJnHtVLu+WBY7T56fN9W8n7++Uq9kHW6J+bfv5y13WZUMVS+PBzoBe32taYvz/oSomDGO1V41AHaFcQ=="
      },
      "Avalonia.Skia": {
        "type": "Transitive",
        "resolved": "12.1.1",
        "contentHash": "Q0jRMXb212RYIZNV7p6L/zWx8lyPck9dFFW+l86moeN4dNxHjPBdJS3nLdLvAd20Eno7JC4gwRa5Fewg52td8g==",
        "dependencies": {
          "Avalonia": "12.1.1",
          "HarfBuzzSharp": "8.3.1.3",
          "HarfBuzzSharp.NativeAssets.Linux": "8.3.1.3",
          "HarfBuzzSharp.NativeAssets.WebAssembly": "8.3.1.3",
          "SkiaSharp": "3.119.4",
          "SkiaSharp.NativeAssets.Linux": "3.119.4",
          "SkiaSharp.NativeAssets.WebAssembly": "3.119.4"
        }
      },
      "Avalonia.Themes.Simple": {
        "type": "Transitive",
        "resolved": "12.1.1",
        "contentHash": "G8PXe46MfbGDAOCtNOaeisz3d3J+i8Ea71TNxCj+mZrSuR78U7lc4Rj05NwdpPlF5jb1rcAjmnVom6/443Pk0w==",
        "dependencies": {
          "Avalonia": "12.1.1"
        }
      },
      "Avalonia.Win32": {
        "type": "Transitive",
        "resolved": "12.1.1",
        "contentHash": "W7FKmHqoyI09dlCnrt0T9QSLk92qVJwXEHPwMI4zIM09Q6H5NzKfvwoadwxIc8S5gydvFypop3DfKX8x9SILug==",
        "dependencies": {
          "Avalonia": "12.1.1",
          "Avalonia.Angle.Windows.Natives": "2.1.27548.20260419"
        }
      },
      "Avalonia.X11": {
        "type": "Transitive",
        "resolved": "12.1.1",
        "contentHash": "s7eRJO+QHTmuyGZ7ZClljdgOVTT2OhfEc+Hk5hTgsjI7y84uM5skTvnm+M+Qzlmr1Ru6MLeFUQaTlFA4Aea35Q==",
        "dependencies": {
          "Avalonia": "12.1.1",
          "Avalonia.FreeDesktop": "12.1.1",
          "Avalonia.FreeDesktop.AtSpi": "12.1.1",
          "Avalonia.Skia": "12.1.1"
        }
      },
      "bodong.PropertyModels": {
        "type": "Transitive",
        "resolved": "12.0.0",
        "contentHash": "tUhF3c1tMzMVykXqzU4cCOIx3Onw0nywnshbRSjyQIyRv8cjkXt21MaLih0DzVaoVheELaDaw3wHCLjUBFiC6Q=="
      },
      "CSFML": {
        "type": "Transitive",
        "resolved": "3.0.0",
        "contentHash": "iwzebpEjtHMmrBWrIZf7lo20PlzGCe4ifh5y/x0RwNE3pcUh4rdLkcnKwuxE+k6gHFbUehQ2/4GuiUB3i6v3Ww=="
      },
      "DialogHost.Avalonia": {
        "type": "Transitive",
        "resolved": "0.12.1-nightly.0.1",
        "contentHash": "+kAecd931qfA1jA2WfxcPoGK9Eed6buwvoDRinbyDqx0472fVKFzPiQucuiQL+z1Eop3+uFcRFcrgXgbdBV5sg==",
        "dependencies": {
          "Avalonia": "12.0.0"
        }
      },
      "Dock.Avalonia.Themes.Simple": {
        "type": "Transitive",
        "resolved": "12.1.0",
        "contentHash": "ST95ZyZUmFCLE0nTBM5XY6Ldg/k2tfKg/ayaewrFetYOi3EZDI3HUGal90IjwOURYdBf7c4l0Ozit+VPrKrZ+w==",
        "dependencies": {
          "Avalonia": "12.1.0",
          "Dock.Avalonia": "12.1.0"
        }
      },
      "Dock.Controls.DeferredContentControl": {
        "type": "Transitive",
        "resolved": "12.1.0.4",
        "contentHash": "p3NkV3G2eI8tIf9fGn3D7D7E2TZka7Yz80GzWye7sa71ZMzk9WYIVkC/Z1AalIt+83YU1sGaUmwR5939xFhKtg==",
        "dependencies": {
          "Avalonia": "12.1.0"
        }
      },
      "Dock.Controls.ProportionalStackPanel": {
        "type": "Transitive",
        "resolved": "12.1.0.4",
        "contentHash": "SDui3pxXuiTigyHUe+yMh24U3LHSIBKkLwcab6mOmq0Qvres1oR+I0rcGOatoebaYIdRbXHxyrUQRDQ1AdzmHg==",
        "dependencies": {
          "Avalonia": "12.1.0"
        }
      },
      "Dock.Controls.Recycling": {
        "type": "Transitive",
        "resolved": "12.1.0.4",
        "contentHash": "CMkVWhRhNcrQN/IljFbUq5/FYZbMEnev4jlOSwCVUpDJNwGC0yXpcG/W3dZdrcTwFiHj0iWyUOj3dCWSNwTf/A==",
        "dependencies": {
          "Avalonia": "12.1.0",
          "Dock.Controls.Recycling.Model": "12.1.0.4"
        }
      },
      "Dock.Controls.Recycling.Model": {
        "type": "Transitive",
        "resolved": "12.1.0.4",
        "contentHash": "vlsTxlUihDnX9ey5ssQi+bhRUpzn2cj8NIPEpn3uE5bdSlI952QVS22hS1ptZGGhIk2H4U2ltBK8ueq/GLRi7g=="
      },
      "Dock.MarkupExtension": {
        "type": "Transitive",
        "resolved": "12.1.0.4",
        "contentHash": "vJRILIaVh398VEleOVdEU7LVOluUwk6b4bti+N5t8kNhOlNuAOUE8iiu2dhr7OUNsXvbHMFhLuk2S2A9lJY0EA==",
        "dependencies": {
          "Avalonia": "12.1.0"
        }
      },
      "Dock.Model": {
        "type": "Transitive",
        "resolved": "12.1.0.4",
        "contentHash": "T0RKa8TbwyzjVeq4j4+yYY3PtKrXk+TpgizRn8spk8F0vt4UgSFhv4aGda6unIjJ+ne0ZD37dBZ8b7a9PDs2Gw==",
        "dependencies": {
          "Dock.Controls.Recycling.Model": "12.1.0.4"
        }
      },
      "Dock.Settings": {
        "type": "Transitive",
        "resolved": "12.1.0.4",
        "contentHash": "+GBXYkZX/qwwe9B1i8wKY7kNSp1zvITdCTNCf9YJ/FZ0i67ZPL4bZDlOwX+1TLvGr9iw9EM0l3lOJ0/sZQc3xA==",
        "dependencies": {
          "Avalonia": "12.1.0",
          "Dock.Model": "12.1.0.4"
        }
      },
      "HarfBuzzSharp": {
        "type": "Transitive",
        "resolved": "8.3.1.3",
        "contentHash": "NGZ2+ZVNPM+NdHB/asW0/ykWngyHWwcqjrbN2nDeH1B/aptPGlCUl8wkQ2cSJxw5fdWgdmIPmNuTPWpLwNVXWg==",
        "dependencies": {
          "HarfBuzzSharp.NativeAssets.Win32": "8.3.1.3",
          "HarfBuzzSharp.NativeAssets.macOS": "8.3.1.3"
        }
      },
      "HarfBuzzSharp.NativeAssets.Linux": {
        "type": "Transitive",
        "resolved": "8.3.1.3",
        "contentHash": "RI6A1LgmooU30+4QIyFt5rmBCzP0VzTR+587IJSGvYIsHHWlahFufihYxtraLfsIhW7I8dn6+xX+DZGygOPKWQ=="
      },
      "HarfBuzzSharp.NativeAssets.macOS": {
        "type": "Transitive",
        "resolved": "8.3.1.3",
        "contentHash": "KPTq0xnslkI6nAo0jh3ptcQPJvZZr7MWYXa2jUe4SnHc9q+JlHElmNXp0sfFoiTgoCX7WOYpYsurypuH9Gehxw=="
      },
      "HarfBuzzSharp.NativeAssets.WebAssembly": {
        "type": "Transitive",
        "resolved": "8.3.1.3",
        "contentHash": "w2QfdNm9Uz/sUa0B5D+OnVQhyq3G/fBq6ibQMdWBlQqqwh0g0/5j3RFvYqZAmRZ5+RzvjVe8o8SFFnWYUSkuxA=="
      },
      "HarfBuzzSharp.NativeAssets.Win32": {
        "type": "Transitive",
        "resolved": "8.3.1.3",
        "contentHash": "bx8CE8Js+XGX8PUxAHCBDEORt5aaBYtMN4Hr9QFs57Xithh6yjUyYqksizH6eRDhJkwsGI+SXWmPmMm8lZC9Pw=="
      },
      "linq2db.Analyzers": {
        "type": "Transitive",
        "resolved": "6.4.0",
        "contentHash": "sW51KlWzXRrkv7cTyqZdnhpoBWU2+ItxNBjRtaQ1v/8ZdeFu6AIUvpo6UjQ5lvo0vcZnMBh/Eq/FpZ2FqDm7KQ=="
      },
      "MemoryPack.Core": {
        "type": "Transitive",
        "resolved": "1.21.4",
        "contentHash": "6RszGorZ0ejNmp37ZcboPBMvvPCuNW2jlrdQfcs/lMzE5b3pmPF6hsm/laDc34hRlbAST1ZxaX/DvYu2DF5sBQ=="
      },
      "MemoryPack.Generator": {
        "type": "Transitive",
        "resolved": "1.21.4",
        "contentHash": "g14EsSS85yn0lHTi0J9ivqlZMf09A2iI51fmI+0KkzIzyCbWOBWPi5mdaY7YWmXprk12aYh9u/qfWHQUYthlwg=="
      },
      "MicroCom.Runtime": {
        "type": "Transitive",
        "resolved": "0.11.6",
        "contentHash": "NdNWGDiZ6eS/Mf/9+QHR91cj1K7Hy+PX9yrHI/zM7xFYuj9IWT2uxtB6sCHjrnxAeLV9fut1R6zHDUGKX6f9lQ=="
      },
      "Microsoft.Data.Sqlite.Core": {
        "type": "Transitive",
        "resolved": "10.0.10",
        "contentHash": "TPCs0ldm7AWqcKmp6f/Xr+14sat7hx4rHfRlS4RgCURBH2thEWbAKEyX7cCWr63zVJVOJIJZTg2cBiUXa8ys6g==",
        "dependencies": {
          "SQLitePCLRaw.core": "2.1.11"
        }
      },
      "SFML.System": {
        "type": "Transitive",
        "resolved": "3.0.0",
        "contentHash": "k6s8BB53Xrugmx25rmlZRoezAkSyjpxNPeIrFT5hUoDJ32XSj0bvJdTWomB6Aiph7nNaJrCnA/K0o1x0ZCPUYQ==",
        "dependencies": {
          "CSFML": "[3.0.0, 3.1.0)"
        }
      },
      "SkiaSharp": {
        "type": "Transitive",
        "resolved": "3.119.4",
        "contentHash": "53NOSUZ1Us+91Sm0uCkIivh/k7jOowRErZT2sIWwPFN9mLUvdxnE6rS4sWo4255+Rd2MWUSF+j0NMZHD6Cke+Q==",
        "dependencies": {
          "SkiaSharp.NativeAssets.Win32": "3.119.4",
          "SkiaSharp.NativeAssets.macOS": "3.119.4"
        }
      },
      "SkiaSharp.NativeAssets.Linux": {
        "type": "Transitive",
        "resolved": "3.119.4",
        "contentHash": "UAyVzbqNfZsZbKbzj68zXLyUyF/SbTKmzTfOO6qDu++dtIUMMTzPBe8oOuzU/DiewpfKoUUlOSsJmqWc6blxBw=="
      },
      "SkiaSharp.NativeAssets.macOS": {
        "type": "Transitive",
        "resolved": "3.119.4",
        "contentHash": "fgBOWEqbY012x7gMfJU4ezgz6dfhJb30Z6YdW35h85Zoe39+a8YNbAAwL29ihPfWoppg5AjvyKNzD1oCvlqWwA=="
      },
      "SkiaSharp.NativeAssets.WebAssembly": {
        "type": "Transitive",
        "resolved": "3.119.4",
        "contentHash": "S1HOxtBbD4bYDtA2e9WH5TX+lxqRrTPvKjrjttRhxnHNNu7YY8VFo/LeCP7tNqoTA6PV+8vsvNbmRUEC2ip8RQ=="
      },
      "SkiaSharp.NativeAssets.Win32": {
        "type": "Transitive",
        "resolved": "3.119.4",
        "contentHash": "XOpbx/4CReO2wYsq2s6rbvdauc6dntG4Zv499sHGTJ87bwZaFXszFkwql3+FIZMc8kUPeaj3Mx2ezIJmo8a1Kg=="
      },
      "SQLite": {
        "type": "Transitive",
        "resolved": "3.53.4",
        "contentHash": "KN7jeWqgUPeBRe1FlcpZURzxomuKKEKHmBBQfg+Nx7NkY1LjKhzHvH+3ASkNvhayESE34nMBinL9CV21JfPRJw=="
      },
      "SQLitePCLRaw.config.e_sqlite3": {
        "type": "Transitive",
        "resolved": "3.0.5",
        "contentHash": "aSk8WE5tF2MybESMgtZAEyMVCAWA0nBqOMc48HFoa9UoSdtm3goDXVzNRnefeKIwE6bV9NaNXptn1F9ReMQI0Q==",
        "dependencies": {
          "SQLitePCLRaw.provider.e_sqlite3": "3.0.5"
        }
      },
      "SQLitePCLRaw.core": {
        "type": "Transitive",
        "resolved": "3.0.5",
        "contentHash": "k81AYXXRCw3Zj8rOhyBoCsx/U97KYDFI2CSKr/ijl5BwpsW/hX/4kBiDmerFaoust8nxBwa0IHQFw8MmSHRtnQ=="
      },
      "SQLitePCLRaw.provider.e_sqlite3": {
        "type": "Transitive",
        "resolved": "3.0.5",
        "contentHash": "um8YSWduhhuskTG2bHfZrBqMNQOydfU8pcseT+cu5RivOGyoUbCrGXxgoRNTmRYw2VbMWnEZVVFcneZT/5dsBg==",
        "dependencies": {
          "SQLitePCLRaw.core": "3.0.5"
        }
      },
      "Tmds.DBus.Protocol": {
        "type": "Transitive",
        "resolved": "0.94.1",
        "contentHash": "11YMr7FnAbL83bQmVxlhbIKHvSLxjO81D12Ej0QMSGXMDTxNA9MTOa4MQxx43nv5el/efuPHwzyrj6a5ha2gug=="
      },
      "crybits.client.framework": {
        "type": "Project",
        "dependencies": {
          "CryBits.Definitions": "[1.0.0, )",
          "CryBits.Persistence": "[1.0.0, )",
          "CryBits.Protocol": "[1.0.0, )",
          "CryBits.Transport": "[1.0.0, )",
          "Iguina": "[1.1.5, )",
          "MemoryPack": "[1.21.4, )",
          "SFML.Audio": "[3.0.0, )",
          "SFML.Graphics": "[3.0.0, )",
          "SFML.Window": "[3.0.0, )"
        }
      },
      "crybits.definitions": {
        "type": "Project",
        "dependencies": {
          "MemoryPack": "[1.21.4, )"
        }
      },
      "crybits.persistence": {
        "type": "Project",
        "dependencies": {
          "CryBits.Definitions": "[1.0.0, )",
          "Microsoft.Data.Sqlite": "[10.0.10, )",
          "SQLitePCLRaw.bundle_e_sqlite3": "[3.0.5, )",
          "linq2db": "[6.4.0, )"
        }
      },
      "crybits.protocol": {
        "type": "Project",
        "dependencies": {
          "CryBits.Definitions": "[1.0.0, )",
          "MemoryPack": "[1.21.4, )"
        }
      },
      "crybits.transport": {
        "type": "Project",
        "dependencies": {
          "LiteNetLib": "[2.1.4, )"
        }
      },
      "linq2db": {
        "type": "CentralTransitive",
        "requested": "[6.4.0, )",
        "resolved": "6.4.0",
        "contentHash": "HT7s5JztYQqM+Oz5ql9MVDTtTliKg/fkXPiShmjgtSZNAe1UOb4wQeJFA2qWJ77KbnC/KWtk5nr/hJ3Oypbqpg==",
        "dependencies": {
          "linq2db.Analyzers": "6.4.0"
        }
      },
      "MemoryPack": {
        "type": "CentralTransitive",
        "requested": "[1.21.4, )",
        "resolved": "1.21.4",
        "contentHash": "wy3JTBNBsO8LfQcBvvYsWr3lm2Oakolrfu0UQ3oSJSEiD+7ye0GUhYTaXuYYBowqsXBXWD9gf2218ae0JRiYVQ==",
        "dependencies": {
          "MemoryPack.Core": "1.21.4",
          "MemoryPack.Generator": "1.21.4"
        }
      },
      "Microsoft.Data.Sqlite": {
        "type": "CentralTransitive",
        "requested": "[10.0.10, )",
        "resolved": "10.0.10",
        "contentHash": "58JwZ39lCvRXHfV5O6RQfbHEDu8ZsXI7weRoVRR4jrGRxxkS+qyeuGrN2xD+9VYEICApYr0iTSL6PuU+DdsvPg==",
        "dependencies": {
          "Microsoft.Data.Sqlite.Core": "10.0.10",
          "SQLitePCLRaw.bundle_e_sqlite3": "2.1.11",
          "SQLitePCLRaw.core": "2.1.11"
        }
      },
      "SFML.Window": {
        "type": "CentralTransitive",
        "requested": "[3.0.0, )",
        "resolved": "3.0.0",
        "contentHash": "Yu+QJVQ4dRbfOgnN+xSl3rqetseNKD711k9gsdYqic9f9QDBK2raIUJTYx+JsH/NXo3rVt1NGkCm5ucSj5OzdQ==",
        "dependencies": {
          "CSFML": "[3.0.0, 3.1.0)",
          "SFML.System": "3.0.0"
        }
      },
      "SQLitePCLRaw.bundle_e_sqlite3": {
        "type": "CentralTransitive",
        "requested": "[3.0.5, )",
        "resolved": "3.0.5",
        "contentHash": "SW8iASIyWMrLzqabUHYQRvALhvD4ylSBsj4PgEVGwc36kQjc9xT5kSV/XQ9rU7nIpBWD+LPyX3Hlw5FzyUzGeQ==",
        "dependencies": {
          "SQLite": "3.53.4",
          "SQLitePCLRaw.config.e_sqlite3": "3.0.5"
        }
      }
    }
  }
}