{
  "version": 2,
  "dependencies": {
    "net10.0": {
      "Avalonia": {
        "type": "Direct",
        "requested": "[12.1.1, )",
        "resolved": "12.1.1",
        "contentHash": "o8pZ1oE9AQ6gklpGM0lnOBp/JlVH0J/0mYszBf0GsSAcEnzHNCLM9NnrPZwKu4j2q9oNbVHYzzEPkszQeuqaKw==",
        "dependencies": {
          "Avalonia.BuildServices": "11.3.2",
          "Avalonia.Remote.Protocol": "12.1.1",
          "MicroCom.Runtime": "0.11.6"
        }
      },
      "Avalonia.Desktop": {
        "type": "Direct",
        "requested": "[12.1.1, )",
        "resolved": "12.1.1",
        "contentHash": "qZIw0njeXs1ziGJBz2WNduPI38zm9UqOksNrl2lALO2JkuzzMElYGQ3+4+Nl7VEnZSvmcbAZnOdvNYfnXGlOSw==",
        "dependencies": {
          "Avalonia": "12.1.1",
          "Avalonia.HarfBuzz": "12.1.1",
          "Avalonia.Native": "12.1.1",
          "Avalonia.Skia": "12.1.1",
          "Avalonia.Win32": "12.1.1",
          "Avalonia.X11": "12.1.1"
        }
      },
      "Avalonia.Fonts.Inter": {
        "type": "Direct",
        "requested": "[12.1.1, )",
        "resolved": "12.1.1",
        "contentHash": "V2d7OM1jybcl31KThdhf8XSl5SjQ6Ll/tXIfwQ00kMeWuPegRcOx8DLVpECHOOEKO9JZelXW0enuUu1D7Svikg==",
        "dependencies": {
          "Avalonia": "12.1.1"
        }
      },
      "bodong.Avalonia.PropertyGrid": {
        "type": "Direct",
        "requested": "[12.0.4.1, )",
        "resolved": "12.0.4.1",
        "contentHash": "tuUUG5h2nkONpV4rEVIDtndC6MpNGzk3FbtZoNAwoh2pctycfcSn6FO1WfRaj9dcRIbv5R2P0q3d67nlY0k9aA==",
        "dependencies": {
          "Avalonia": "12.0.4",
          "Avalonia.Controls.ColorPicker": "12.0.4",
          "bodong.PropertyModels": "12.0.0"
        }
      },
      "CommunityToolkit.Mvvm": {
        "type": "Direct",
        "requested": "[8.4.2, )",
        "resolved": "8.4.2",
        "contentHash": "WadCzGEc2U+3e20avRLng4qNtt4zoOGWrdUISqJWrHe3/FSnrYjuM5Sb4yQb09LhkBXrrI4Zt3dLKgRMbItsrg=="
      },
      "Dock.Avalonia": {
        "type": "Direct",
        "requested": "[12.1.0, )",
        "resolved": "12.1.0",
        "contentHash": "8DVsw0SuqCYJEp047z7eEojazspqL5uJhP6IgXDvjYi38cWBkyHokUvslB+Ebdb1n7+yUV4+XdIZeBO7o0ZAIA==",
        "dependencies": {
          "Avalonia": "12.1.0",
          "Dock.Controls.DeferredContentControl": "12.1.0",
          "Dock.Controls.ProportionalStackPanel": "12.1.0",
          "Dock.Controls.Recycling": "12.1.0",
          "Dock.MarkupExtension": "12.1.0",
          "Dock.Model": "12.1.0",
          "Dock.Settings": "12.1.0"
        }
      },
      "Dock.Model.Avalonia": {
        "type": "Direct",
        "requested": "[12.1.0, )",
        "resolved": "12.1.0",
        "contentHash": "fQu4EqQ6wTuNVyEy8y6L8gMJnnhhhniw55F2s0YQk0eAc39QeRIGp5oyHZ4jti0/7mLEt5fnNTF2QUSz/tflHw==",
        "dependencies": {
          "Avalonia": "12.1.0",
          "Dock.Avalonia": "12.1.0",
          "Dock.Model": "12.1.0",
          "Dock.Settings": "12.1.0"
        }
      },
      "FontStashSharp.MonoGame": {
        "type": "Direct",
        "requested": "[1.5.6, )",
        "resolved": "1.5.6",
        "contentHash": "/daTEWXJ+WvKe2FOv1VsRCoqZMBiKqJZcjr6NwOGNgr13CsX1aVVoIVJL0PYZs0qiQfLIfXaVWaG4liNmHkrdA==",
        "dependencies": {
          "Cyotek.Drawing.BitmapFont": "2.0.4",
          "FontStashSharp.Base": "1.2.3",
          "FontStashSharp.Rasterizers.StbTrueTypeSharp": "1.2.3",
          "StbImageSharp": "2.30.15"
        }
      },
      "LiteNetLib": {
        "type": "Direct",
        "requested": "[2.1.4, )",
        "resolved": "2.1.4",
        "contentHash": "KWlxvMw3Urpqj9joD96LRiK+LC62pQNs/zkXRJc+rHnxgkGp+vV703xzDrxRmv+V1YhCFfIGzs5nrVWtREIlyA=="
      },
      "MessageBox.Avalonia": {
        "type": "Direct",
        "requested": "[12.0.0, )",
        "resolved": "12.0.0",
        "contentHash": "EPCRoeoZrArY4g2AJDw67Oi9h4y2eLNNdGGX1I7lR/eNiQHdnR5f7FedShxUdpgs5jHz69uM1prVpbP3X1rxpg==",
        "dependencies": {
          "Avalonia": "12.0.1",
          "DialogHost.Avalonia": "0.12.1-nightly.0.1"
        }
      },
      "MonoGame.Framework.Native": {
        "type": "Direct",
        "requested": "[3.8.5, )",
        "resolved": "3.8.5",
        "contentHash": "fobFZ8nfhCmt98HD0FNX+nP1IOoJ2N/Zk/JHY6148i4CEpIThv+OJeiR8W+zba+Xz5NkPC2pmWHRum0jN37boQ=="
      },
      "MonoGame.Runtime.Linux.Vulkan": {
        "type": "Direct",
        "requested": "[3.8.5, )",
        "resolved": "3.8.5",
        "contentHash": "hfoeAoeBpdKAh9IjqZMllh/JHvIs7RtVpONMqh+3S32qyraE6xgDXsSFecGxgptOhTnDyy496XHSSRShfG8HJQ=="
      },
      "MonoGame.Runtime.Mac.Vulkan": {
        "type": "Direct",
        "requested": "[3.8.5, )",
        "resolved": "3.8.5",
        "contentHash": "5AEZewEsZMmjbyDnMK313eJfG1RTtcfg+oS1g0Gtthicc8PHLE2yD8kA591eWeNcLdHDJfQV9qHmiAVBwJA4EA=="
      },
      "MonoGame.Runtime.Windows.Vulkan": {
        "type": "Direct",
        "requested": "[3.8.5, )",
        "resolved": "3.8.5",
        "contentHash": "YZnBW6w0bVTZfMPJ1WljajLWS6OVS6T8ohw0VWpcyNr90bR+sHkVFIoRGkglVP8HlaDb+5B07U1E/sywo4GcWg=="
      },
      "Myra": {
        "type": "Direct",
        "requested": "[1.6.4, )",
        "resolved": "1.6.4",
        "contentHash": "PBuEV0FwWONTtkJ/eEaQKc5cq8gqTTYm31/F49SSPLqjvDXewEFslTkmTxQab6iI/sT58NjxrN67GXj6kjPWbA==",
        "dependencies": {
          "XNAssets.FontStashSharp.MonoGame": "0.8.5",
          "XNAssets.MonoGame": "0.8.5"
        }
      },
      "Nox.Avalonia": {
        "type": "Direct",
        "requested": "[1.1.1, )",
        "resolved": "1.1.1",
        "contentHash": "8Ji5Dw0LwzWyK2wUDJO+CE61IxYofwmcb9+srr4D2T2f/iKActSd0m8AJgpVgKXBd3fUhXpSdtIkG833DqckBg==",
        "dependencies": {
          "Avalonia": "12.1.1",
          "Avalonia.Fonts.Inter": "12.1.1",
          "Avalonia.Themes.Simple": "12.1.1"
        }
      },
      "Nox.Avalonia.DataGrid": {
        "type": "Direct",
        "requested": "[1.1.1, )",
        "resolved": "1.1.1",
        "contentHash": "V4UJWfday0xJtFJG0N5xKLqY2iEkaPLKB4PlqBslK4CUt6K0e9BN7ONBYp2XM0+AcXGcxXVFPHX4VjF0idOosg==",
        "dependencies": {
          "Avalonia": "12.1.1",
          "Avalonia.Controls.DataGrid": "12.1.0",
          "Nox.Avalonia": "1.1.1"
        }
      },
      "Nox.Avalonia.Dock": {
        "type": "Direct",
        "requested": "[1.1.1, )",
        "resolved": "1.1.1",
        "contentHash": "LGaA/14bkCCuvTum7VzClXDWV8fg2AharivmJl1a41z+douW8Xk/BUTBgm49RU0wZgpcYs2FKVUscRPkpDVZVQ==",
        "dependencies": {
          "Avalonia": "12.1.1",
          "Dock.Avalonia": "12.1.0",
          "Dock.Avalonia.Themes.Simple": "12.1.0",
          "Dock.Model": "12.1.0",
          "Nox.Avalonia": "1.1.1"
        }
      },
      "Nox.Avalonia.PropertyGrid": {
        "type": "Direct",
        "requested": "[1.1.1, )",
        "resolved": "1.1.1",
        "contentHash": "QH7CbGQjZBlyiv3ZFfHems3oz6y1zALM97yeR3tZls+5/eUg+SKCPMhVmMgM2OTokfQ/3Fi5ooJuQTf+zwAD9Q==",
        "dependencies": {
          "Avalonia": "12.1.1",
          "Nox.Avalonia": "1.1.1",
          "bodong.Avalonia.PropertyGrid": "12.0.4.1",
          "bodong.PropertyModels": "12.0.0"
        }
      },
      "PanAndZoom": {
        "type": "Direct",
        "requested": "[12.0.0.1, )",
        "resolved": "12.0.0.1",
        "contentHash": "M1aIfqmZR8bskdCT0vlC4A8ysBu3F0Qou8uWaqKJnu74cDR3Wp2UEtx2a/YTwp5UZjfDjXruqNNiAQ9+dsxb+g==",
        "dependencies": {
          "Avalonia": "12.0.0"
        }
      },
      "AssetManagementBase": {
        "type": "Transitive",
        "resolved": "0.7.3",
        "contentHash": "DRlzdQRtk+YHB6GgHRU3nVSO657Yd/OUojoihTHHftZxr469lHOeW685lDelUlbKetGIIXlVRi3SpIOrRUiJBA=="
      },
      "Avalonia.Angle.Windows.Natives": {
        "type": "Transitive",
        "resolved": "2.1.27548.20260419",
        "contentHash": "l17nI3XVDN3oMnpjf2pnmJg0YTwK4m6NLsn/itAjDMdObTFxN77D5F1M9sRMSfViSY3KKcse1ROczwgoWLJsnA=="
      },
      "Avalonia.BuildServices": {
        "type": "Transitive",
        "resolved": "11.3.2",
        "contentHash": "qHDToxto1e3hci5YqbG9n0Ty8mlp3zBUN5wT66wKqaDVzXyQ0do3EnRILd4Ke9jpvsktaPpgE0YjEk7hornryQ=="
      },
      "Avalonia.Controls.ColorPicker": {
        "type": "Transitive",
        "resolved": "12.0.4",
        "contentHash": "f10wfiK2qPPmuT9kGlo8nf6QXXrGTuD5Q4cImt/QzaPDTlVYD6lpernmlO6Pvr8iPqm5ZAiUvCAskpvwqdwNOw==",
        "dependencies": {
          "Avalonia": "12.0.4",
          "Avalonia.Remote.Protocol": "12.0.4"
        }
      },
      "Avalonia.Controls.DataGrid": {
        "type": "Transitive",
        "resolved": "12.1.0",
        "contentHash": "I4nkzELLRUWAqTLA4nY6lJ4nQFmXdZcGvRF7ze+k1aVE38KMJc5C8lqqs77F2kQQpCHKOwqmRwbO/leFKDQ5GA==",
        "dependencies": {
          "Avalonia": "12.1.0"
        }
      },
      "Avalonia.FreeDesktop": {
        "type": "Transitive",
        "resolved": "12.1.1",
        "contentHash": "dMMW6vJGsaUD+3e5lA3dGYyNu+Tv/yl0sSrUQLlOQ2RVhmNLkybWdgebHx94lznV3RF9cRGUd9Q+J5XpJ7xfJw==",
        "dependencies": {
          "Avalonia": "12.1.1",
          "Tmds.DBus.Protocol": "0.94.1"
        }
      },
      "Avalonia.FreeDesktop.AtSpi": {
        "type": "Transitive",
        "resolved": "12.1.1",
        "contentHash": "BJ2oGBM6pSayLvjhliMPph4LYhPmzDCRjyXQ4jdttrK7cetTViyniW0gMVpNAPNjr4sn6rbN4EHiWknPQq2pLg==",
        "dependencies": {
          "Avalonia": "12.1.1"
        }
      },
      "Avalonia.HarfBuzz": {
        "type": "Transitive",
        "resolved": "12.1.1",
        "contentHash": "vgd/Fl4bIXgv3QtYk6WCd6iGAag4i3OOAozo6/DW3xPr5dWjpi1MmJaeE9MYoZBEDJ4egD0gfHz6nYhkDADz9g==",
        "dependencies": {
          "Avalonia": "12.1.1",
          "HarfBuzzSharp": "8.3.1.3",
          "HarfBuzzSharp.NativeAssets.Linux": "8.3.1.3",
          "HarfBuzzSharp.NativeAssets.WebAssembly": "8.3.1.3"
        }
      },
      "Avalonia.Native": {
        "type": "Transitive",
        "resolved": "12.1.1",
        "contentHash": "jbgCUIhgQGD7d9mLN1oe4J8EpzDa0aY9PS77PZuRUDcNyr/V+vFNdyYXSJs3imrm0NOzTsCcFtK2NSXGDmJ1dw==",
        "dependencies": {
          "Avalonia": "12.1.1"
        }
      },
      "Avalonia.Remote.Protocol": {
        "type": "Transitive",
        "resolved": "12.1.1",
        "contentHash": "0u77tnOwJnHtVLu+WBY7T56fN9W8n7++Uq9kHW6J+bfv5y13WZUMVS+PBzoBe32taYvz/oSomDGO1V41AHaFcQ=="
      },
      "Avalonia.Skia": {
        "type": "Transitive",
        "resolved": "12.1.1",
        "contentHash": "Q0jRMXb212RYIZNV7p6L/zWx8lyPck9dFFW+l86moeN4dNxHjPBdJS3nLdLvAd20Eno7JC4gwRa5Fewg52td8g==",
        "dependencies": {
          "Avalonia": "12.1.1",
          "HarfBuzzSharp": "8.3.1.3",
          "HarfBuzzSharp.NativeAssets.Linux": "8.3.1.3",
          "HarfBuzzSharp.NativeAssets.WebAssembly": "8.3.1.3",
          "SkiaSharp": "3.119.4",
          "SkiaSharp.NativeAssets.Linux": "3.119.4",
          "SkiaSharp.NativeAssets.WebAssembly": "3.119.4"
        }
      },
      "Avalonia.Themes.Simple": {
        "type": "Transitive",
        "resolved": "12.1.1",
        "contentHash": "G8PXe46MfbGDAOCtNOaeisz3d3J+i8Ea71TNxCj+mZrSuR78U7lc4Rj05NwdpPlF5jb1rcAjmnVom6/443Pk0w==",
        "dependencies": {
          "Avalonia": "12.1.1"
        }
      },
      "Avalonia.Win32": {
        "type": "Transitive",
        "resolved": "12.1.1",
        "contentHash": "W7FKmHqoyI09dlCnrt0T9QSLk92qVJwXEHPwMI4zIM09Q6H5NzKfvwoadwxIc8S5gydvFypop3DfKX8x9SILug==",
        "dependencies": {
          "Avalonia": "12.1.1",
          "Avalonia.Angle.Windows.Natives": "2.1.27548.20260419"
        }
      },
      "Avalonia.X11": {
        "type": "Transitive",
        "resolved": "12.1.1",
        "contentHash": "s7eRJO+QHTmuyGZ7ZClljdgOVTT2OhfEc+Hk5hTgsjI7y84uM5skTvnm+M+Qzlmr1Ru6MLeFUQaTlFA4Aea35Q==",
        "dependencies": {
          "Avalonia": "12.1.1",
          "Avalonia.FreeDesktop": "12.1.1",
          "Avalonia.FreeDesktop.AtSpi": "12.1.1",
          "Avalonia.Skia": "12.1.1"
        }
      },
      "bodong.PropertyModels": {
        "type": "Transitive",
        "resolved": "12.0.0",
        "contentHash": "tUhF3c1tMzMVykXqzU4cCOIx3Onw0nywnshbRSjyQIyRv8cjkXt21MaLih0DzVaoVheELaDaw3wHCLjUBFiC6Q=="
      },
      "Cyotek.Drawing.BitmapFont": {
        "type": "Transitive",
        "resolved": "2.0.4",
        "contentHash": "iA6WehGVdMUuNbfsQQDq/Bt+mMd/OqHjiMUtKFLIQd/0pyYh4ehT7FEjTxN9/4OXNKQZsp9bAJgltP2nnswUJg=="
      },
      "DialogHost.Avalonia": {
        "type": "Transitive",
        "resolved": "0.12.1-nightly.0.1",
        "contentHash": "+kAecd931qfA1jA2WfxcPoGK9Eed6buwvoDRinbyDqx0472fVKFzPiQucuiQL+z1Eop3+uFcRFcrgXgbdBV5sg==",
        "dependencies": {
          "Avalonia": "12.0.0"
        }
      },
      "Dock.Avalonia.Themes.Simple": {
        "type": "Transitive",
        "resolved": "12.1.0",
        "contentHash": "ST95ZyZUmFCLE0nTBM5XY6Ldg/k2tfKg/ayaewrFetYOi3EZDI3HUGal90IjwOURYdBf7c4l0Ozit+VPrKrZ+w==",
        "dependencies": {
          "Avalonia": "12.1.0",
          "Dock.Avalonia": "12.1.0"
        }
      },
      "Dock.Controls.DeferredContentControl": {
        "type": "Transitive",
        "resolved": "12.1.0",
        "contentHash": "2DBJg2qQcNeJ4xO38rHk6/ECqf0jOd9LWFEYWrjmrsgKPlDx0X6TH1tDJ8wvILcf4FmKoY5BbmOd4aGQTqd3zQ==",
        "dependencies": {
          "Avalonia": "12.1.0"
        }
      },
      "Dock.Controls.ProportionalStackPanel": {
        "type": "Transitive",
        "resolved": "12.1.0",
        "contentHash": "F+7+iiJp4dn8YlFtY5/YCXlC0zkykkwa7UQQ5YqNIpzeQFTAcE9il1s8j+SvRuPHQkDRCLSqL5gEzFbUsbBrBw==",
        "dependencies": {
          "Avalonia": "12.1.0"
        }
      },
      "Dock.Controls.Recycling": {
        "type": "Transitive",
        "resolved": "12.1.0",
        "contentHash": "hD47TpNpOCUdi/j+3aka4sHXy7Ad90CDm5I96HcBc34V45bJyKi6TG+07YR/s3WwMAU1Z6DVzvzvARvbWCfMsw==",
        "dependencies": {
          "Avalonia": "12.1.0",
          "Dock.Controls.Recycling.Model": "12.1.0"
        }
      },
      "Dock.Controls.Recycling.Model": {
        "type": "Transitive",
        "resolved": "12.1.0",
        "contentHash": "ZaEVbHi07hUIl2lj2+X59VdgvqzpUYPT+K5Tx6kdCUzOnsqysai/KFIY0IRfZonhmJuuJhc6YHqbgC3eqhjsfw=="
      },
      "Dock.MarkupExtension": {
        "type": "Transitive",
        "resolved": "12.1.0",
        "contentHash": "VSD9IbdeBZllsoTjcCjbEF6xPHF28gEKbuDYT6RaZuyiMETPpdoTcG+hVKqoMAXSTgRQAwD7QPQIXaPABn/MMA==",
        "dependencies": {
          "Avalonia": "12.1.0"
        }
      },
      "Dock.Model": {
        "type": "Transitive",
        "resolved": "12.1.0",
        "contentHash": "FLNWQHB1CF5/Z9Ndog2VbWESv4F5wjWaWn2vm8C61irwE5Rlq4bv/aZS4DxoksKU/QCcgbkO4uJFc6QJRxtI6Q==",
        "dependencies": {
          "Dock.Controls.Recycling.Model": "12.1.0"
        }
      },
      "Dock.Settings": {
        "type": "Transitive",
        "resolved": "12.1.0",
        "contentHash": "9jh6mmbHr2DzHU9JPae/W0/doTX+sw8Sjj8Z2r6puYQIjBqMbojiEW1QMsvwV3xD/ikSCHUVyMH4K85bNnNSHQ==",
        "dependencies": {
          "Avalonia": "12.1.0",
          "Dock.Model": "12.1.0"
        }
      },
      "FontStashSharp.Base": {
        "type": "Transitive",
        "resolved": "1.2.3",
        "contentHash": "kw8ovakGHz8jCah+H5M7qI8aOvtESF0jQRpcpubXUMsSid86dRO6DoDPlh+Tk/XAW5a3XgzGDgsHfeZTfZTr+Q=="
      },
      "FontStashSharp.Rasterizers.StbTrueTypeSharp": {
        "type": "Transitive",
        "resolved": "1.2.3",
        "contentHash": "xjzgWeiaODbW7DR/kI05V7C3CVtDvtB+4TrgX4EKNpRGzxb42vsvXKWrXORQWU2LCLnPPqdBNNSgtRujnpK2ww==",
        "dependencies": {
          "FontStashSharp.Base": "1.2.3",
          "StbTrueTypeSharp": "1.26.12"
        }
      },
      "HarfBuzzSharp": {
        "type": "Transitive",
        "resolved": "8.3.1.3",
        "contentHash": "NGZ2+ZVNPM+NdHB/asW0/ykWngyHWwcqjrbN2nDeH1B/aptPGlCUl8wkQ2cSJxw5fdWgdmIPmNuTPWpLwNVXWg==",
        "dependencies": {
          "HarfBuzzSharp.NativeAssets.Win32": "8.3.1.3",
          "HarfBuzzSharp.NativeAssets.macOS": "8.3.1.3"
        }
      },
      "HarfBuzzSharp.NativeAssets.Linux": {
        "type": "Transitive",
        "resolved": "8.3.1.3",
        "contentHash": "RI6A1LgmooU30+4QIyFt5rmBCzP0VzTR+587IJSGvYIsHHWlahFufihYxtraLfsIhW7I8dn6+xX+DZGygOPKWQ=="
      },
      "HarfBuzzSharp.NativeAssets.macOS": {
        "type": "Transitive",
        "resolved": "8.3.1.3",
        "contentHash": "KPTq0xnslkI6nAo0jh3ptcQPJvZZr7MWYXa2jUe4SnHc9q+JlHElmNXp0sfFoiTgoCX7WOYpYsurypuH9Gehxw=="
      },
      "HarfBuzzSharp.NativeAssets.WebAssembly": {
        "type": "Transitive",
        "resolved": "8.3.1.3",
        "contentHash": "w2QfdNm9Uz/sUa0B5D+OnVQhyq3G/fBq6ibQMdWBlQqqwh0g0/5j3RFvYqZAmRZ5+RzvjVe8o8SFFnWYUSkuxA=="
      },
      "HarfBuzzSharp.NativeAssets.Win32": {
        "type": "Transitive",
        "resolved": "8.3.1.3",
        "contentHash": "bx8CE8Js+XGX8PUxAHCBDEORt5aaBYtMN4Hr9QFs57Xithh6yjUyYqksizH6eRDhJkwsGI+SXWmPmMm8lZC9Pw=="
      },
      "MemoryPack.Core": {
        "type": "Transitive",
        "resolved": "1.21.4",
        "contentHash": "6RszGorZ0ejNmp37ZcboPBMvvPCuNW2jlrdQfcs/lMzE5b3pmPF6hsm/laDc34hRlbAST1ZxaX/DvYu2DF5sBQ=="
      },
      "MemoryPack.Generator": {
        "type": "Transitive",
        "resolved": "1.21.4",
        "contentHash": "g14EsSS85yn0lHTi0J9ivqlZMf09A2iI51fmI+0KkzIzyCbWOBWPi5mdaY7YWmXprk12aYh9u/qfWHQUYthlwg=="
      },
      "MicroCom.Runtime": {
        "type": "Transitive",
        "resolved": "0.11.6",
        "contentHash": "NdNWGDiZ6eS/Mf/9+QHR91cj1K7Hy+PX9yrHI/zM7xFYuj9IWT2uxtB6sCHjrnxAeLV9fut1R6zHDUGKX6f9lQ=="
      },
      "Microsoft.Data.Sqlite.Core": {
        "type": "Transitive",
        "resolved": "10.0.10",
        "contentHash": "TPCs0ldm7AWqcKmp6f/Xr+14sat7hx4rHfRlS4RgCURBH2thEWbAKEyX7cCWr63zVJVOJIJZTg2cBiUXa8ys6g==",
        "dependencies": {
          "SQLitePCLRaw.core": "2.1.11"
        }
      },
      "SkiaSharp": {
        "type": "Transitive",
        "resolved": "3.119.4",
        "contentHash": "53NOSUZ1Us+91Sm0uCkIivh/k7jOowRErZT2sIWwPFN9mLUvdxnE6rS4sWo4255+Rd2MWUSF+j0NMZHD6Cke+Q==",
        "dependencies": {
          "SkiaSharp.NativeAssets.Win32": "3.119.4",
          "SkiaSharp.NativeAssets.macOS": "3.119.4"
        }
      },
      "SkiaSharp.NativeAssets.Linux": {
        "type": "Transitive",
        "resolved": "3.119.4",
        "contentHash": "UAyVzbqNfZsZbKbzj68zXLyUyF/SbTKmzTfOO6qDu++dtIUMMTzPBe8oOuzU/DiewpfKoUUlOSsJmqWc6blxBw=="
      },
      "SkiaSharp.NativeAssets.macOS": {
        "type": "Transitive",
        "resolved": "3.119.4",
        "contentHash": "fgBOWEqbY012x7gMfJU4ezgz6dfhJb30Z6YdW35h85Zoe39+a8YNbAAwL29ihPfWoppg5AjvyKNzD1oCvlqWwA=="
      },
      "SkiaSharp.NativeAssets.WebAssembly": {
        "type": "Transitive",
        "resolved": "3.119.4",
        "contentHash": "S1HOxtBbD4bYDtA2e9WH5TX+lxqRrTPvKjrjttRhxnHNNu7YY8VFo/LeCP7tNqoTA6PV+8vsvNbmRUEC2ip8RQ=="
      },
      "SkiaSharp.NativeAssets.Win32": {
        "type": "Transitive",
        "resolved": "3.119.4",
        "contentHash": "XOpbx/4CReO2wYsq2s6rbvdauc6dntG4Zv499sHGTJ87bwZaFXszFkwql3+FIZMc8kUPeaj3Mx2ezIJmo8a1Kg=="
      },
      "SQLite": {
        "type": "Transitive",
        "resolved": "3.53.4",
        "contentHash": "KN7jeWqgUPeBRe1FlcpZURzxomuKKEKHmBBQfg+Nx7NkY1LjKhzHvH+3ASkNvhayESE34nMBinL9CV21JfPRJw=="
      },
      "SQLitePCLRaw.config.e_sqlite3": {
        "type": "Transitive",
        "resolved": "3.0.5",
        "contentHash": "aSk8WE5tF2MybESMgtZAEyMVCAWA0nBqOMc48HFoa9UoSdtm3goDXVzNRnefeKIwE6bV9NaNXptn1F9ReMQI0Q==",
        "dependencies": {
          "SQLitePCLRaw.provider.e_sqlite3": "3.0.5"
        }
      },
      "SQLitePCLRaw.core": {
        "type": "Transitive",
        "resolved": "3.0.5",
        "contentHash": "k81AYXXRCw3Zj8rOhyBoCsx/U97KYDFI2CSKr/ijl5BwpsW/hX/4kBiDmerFaoust8nxBwa0IHQFw8MmSHRtnQ=="
      },
      "SQLitePCLRaw.provider.e_sqlite3": {
        "type": "Transitive",
        "resolved": "3.0.5",
        "contentHash": "um8YSWduhhuskTG2bHfZrBqMNQOydfU8pcseT+cu5RivOGyoUbCrGXxgoRNTmRYw2VbMWnEZVVFcneZT/5dsBg==",
        "dependencies": {
          "SQLitePCLRaw.core": "3.0.5"
        }
      },
      "StbImageSharp": {
        "type": "Transitive",
        "resolved": "2.30.15",
        "contentHash": "7QqbupVhz2kcFUPTgMw4iHR9rYDHGundzzee19Mwmd1typ2Lnv8EVJcLJxlkeBM2+4ex0NwsMtdbGSJctp1XCQ=="
      },
      "StbTrueTypeSharp": {
        "type": "Transitive",
        "resolved": "1.26.12",
        "contentHash": "hCc6/OsfcPa5VsLECcEU2m78WOshBrKwK42nAodSm9Z5wH68f7n66SoiRLCdGCkDaqbWz2TlX4zYHIjogj1HJA=="
      },
      "Tmds.DBus.Protocol": {
        "type": "Transitive",
        "resolved": "0.94.1",
        "contentHash": "11YMr7FnAbL83bQmVxlhbIKHvSLxjO81D12Ej0QMSGXMDTxNA9MTOa4MQxx43nv5el/efuPHwzyrj6a5ha2gug=="
      },
      "XNAssets.FontStashSharp.MonoGame": {
        "type": "Transitive",
        "resolved": "0.8.5",
        "contentHash": "IAzVYCGHwkbLU3VxvoBFFvFaxgHsJfF6OqofaPMMUTZQHTf8zUNoFdXtg16U7Z3lj5CPwAG207XUpqkVcPLC7Q==",
        "dependencies": {
          "AssetManagementBase": "0.7.3",
          "FontStashSharp.MonoGame": "1.5.6"
        }
      },
      "XNAssets.MonoGame": {
        "type": "Transitive",
        "resolved": "0.8.5",
        "contentHash": "E0xDOxyv3SO+sI9aJGKjyTAvqyt55eY/qLNLMxcVRPxuXVnD15jH8+nKeXh8smOqsoV50kb+suR4eGefM5Bj/Q==",
        "dependencies": {
          "AssetManagementBase": "0.7.3",
          "Cyotek.Drawing.BitmapFont": "2.0.4",
          "StbImageSharp": "2.30.15"
        }
      },
      "crybits.client.framework": {
        "type": "Project",
        "dependencies": {
          "CryBits.Definitions": "[1.0.0, )",
          "CryBits.Persistence": "[1.0.0, )",
          "CryBits.Protocol": "[1.0.0, )",
          "CryBits.Transport": "[1.0.0, )",
          "FontStashSharp.MonoGame": "[1.5.6, )",
          "MemoryPack": "[1.21.4, )",
          "MonoGame.Framework.Native": "[3.8.5, )",
          "Myra": "[1.6.4, )"
        }
      },
      "crybits.definitions": {
        "type": "Project",
        "dependencies": {
          "MemoryPack": "[1.21.4, )"
        }
      },
      "crybits.persistence": {
        "type": "Project",
        "dependencies": {
          "CryBits.Definitions": "[1.0.0, )",
          "Microsoft.Data.Sqlite": "[10.0.10, )",
          "SQLitePCLRaw.bundle_e_sqlite3": "[3.0.5, )",
          "linq2db": "[6.3.0, )"
        }
      },
      "crybits.protocol": {
        "type": "Project",
        "dependencies": {
          "CryBits.Definitions": "[1.0.0, )",
          "MemoryPack": "[1.21.4, )"
        }
      },
      "crybits.transport": {
        "type": "Project",
        "dependencies": {
          "LiteNetLib": "[2.1.4, )"
        }
      },
      "linq2db": {
        "type": "CentralTransitive",
        "requested": "[6.3.0, )",
        "resolved": "6.3.0",
        "contentHash": "Ew/IWZc9tNBgAYWCME1xN6/QkiVUNp9f3ozHrrugqh4vY3ny7Y8LTqhX8thG0WFPmWer+Kf9lilbFMYu5hXKyw=="
      },
      "MemoryPack": {
        "type": "CentralTransitive",
        "requested": "[1.21.4, )",
        "resolved": "1.21.4",
        "contentHash": "wy3JTBNBsO8LfQcBvvYsWr3lm2Oakolrfu0UQ3oSJSEiD+7ye0GUhYTaXuYYBowqsXBXWD9gf2218ae0JRiYVQ==",
        "dependencies": {
          "MemoryPack.Core": "1.21.4",
          "MemoryPack.Generator": "1.21.4"
        }
      },
      "Microsoft.Data.Sqlite": {
        "type": "CentralTransitive",
        "requested": "[10.0.10, )",
        "resolved": "10.0.10",
        "contentHash": "58JwZ39lCvRXHfV5O6RQfbHEDu8ZsXI7weRoVRR4jrGRxxkS+qyeuGrN2xD+9VYEICApYr0iTSL6PuU+DdsvPg==",
        "dependencies": {
          "Microsoft.Data.Sqlite.Core": "10.0.10",
          "SQLitePCLRaw.bundle_e_sqlite3": "2.1.11",
          "SQLitePCLRaw.core": "2.1.11"
        }
      },
      "SQLitePCLRaw.bundle_e_sqlite3": {
        "type": "CentralTransitive",
        "requested": "[3.0.5, )",
        "resolved": "3.0.5",
        "contentHash": "SW8iASIyWMrLzqabUHYQRvALhvD4ylSBsj4PgEVGwc36kQjc9xT5kSV/XQ9rU7nIpBWD+LPyX3Hlw5FzyUzGeQ==",
        "dependencies": {
          "SQLite": "3.53.4",
          "SQLitePCLRaw.config.e_sqlite3": "3.0.5"
        }
      }
    }
  }
}